
Microsoft Visual Studio Solution File, Format Version 11.00
# Visual Studio 2010
Project("{FAE04EC0-301F-11D3-BF4B-00C04F79EFBC}") = "WindowsFormsApplication1", "WindowsFormsApplication1\WindowsFormsApplication1.csproj", "{429DA3A2-295A-4208-B7BB-5489350979AA}"
EndProject
Global
	GlobalSection(SolutionConfigurationPlatforms) = preSolution
		Debug|Any CPU = Debug|Any CPU
		Release|Any CPU = Release|Any CPU
	EndGlobalSection
	GlobalSection(ProjectConfigurationPlatforms) = postSolution
		{429DA3A2-295A-4208-B7BB-5489350979AA}.Debug|Any CPU.ActiveCfg = Debug|Any CPU
		{429DA3A2-295A-4208-B7BB-5489350979AA}.Debug|Any CPU.Build.0 = Debug|Any CPU
		{429DA3A2-295A-4208-B7BB-5489350979AA}.Release|Any CPU.ActiveCfg = Release|Any CPU
		{429DA3A2-295A-4208-B7BB-5489350979AA}.Release|Any CPU.Build.0 = Release|Any CPU
	EndGlobalSection
	GlobalSection(SolutionProperties) = preSolution
		HideSolutionNode = FALSE
	EndGlobalSection
EndGlobal
