
Microsoft Visual Studio Solution File, Format Version 12.00
# Visual Studio 14
VisualStudioVersion = 14.0.25123.0
MinimumVisualStudioVersion = 10.0.40219.1
Project("{FAE04EC0-301F-11D3-BF4B-00C04F79EFBC}") = "ExcelApi", "Source\Excel\ExcelApi.csproj", "{43C2FFD2-1680-490A-B0CF-BE425D6EEC7C}"
	ProjectSection(ProjectDependencies) = postProject
		{79B19A83-A79F-446C-9B7E-9B595E918E40} = {79B19A83-A79F-446C-9B7E-9B595E918E40}
		{ACD7DB2E-DDB2-4BBB-BDB9-C2FD953585C4} = {ACD7DB2E-DDB2-4BBB-BDB9-C2FD953585C4}
	EndProjectSection
EndProject
Project("{FAE04EC0-301F-11D3-BF4B-00C04F79EFBC}") = "OfficeApi", "Source\Office\OfficeApi.csproj", "{79B19A83-A79F-446C-9B7E-9B595E918E40}"
EndProject
Project("{FAE04EC0-301F-11D3-BF4B-00C04F79EFBC}") = "VBIDEApi", "Source\VBIDE\VBIDEApi.csproj", "{ACD7DB2E-DDB2-4BBB-BDB9-C2FD953585C4}"
	ProjectSection(ProjectDependencies) = postProject
		{79B19A83-A79F-446C-9B7E-9B595E918E40} = {79B19A83-A79F-446C-9B7E-9B595E918E40}
	EndProjectSection
EndProject
Project("{FAE04EC0-301F-11D3-BF4B-00C04F79EFBC}") = "NetOffice", "Source\NetOffice\NetOffice.csproj", "{65442327-D01F-4ECB-8C39-6D5C7622A80F}"
EndProject
Project("{FAE04EC0-301F-11D3-BF4B-00C04F79EFBC}") = "WordApi", "Source\Word\WordApi.csproj", "{5C457066-D488-4BC1-B7F8-1E90F2A80648}"
EndProject
Project("{FAE04EC0-301F-11D3-BF4B-00C04F79EFBC}") = "OutlookApi", "Source\Outlook\OutlookApi.csproj", "{98DE103A-F036-4814-A740-9B4DE13001FF}"
EndProject
Project("{FAE04EC0-301F-11D3-BF4B-00C04F79EFBC}") = "PowerPointApi", "Source\PowerPoint\PowerPointApi.csproj", "{D2DF07D1-46EA-4578-9183-9ABB368547E5}"
EndProject
Project("{FAE04EC0-301F-11D3-BF4B-00C04F79EFBC}") = "AccessApi", "Source\Access\AccessApi.csproj", "{61C1EB27-64CC-4E88-A3AE-1E6D002E15D1}"
EndProject
Project("{FAE04EC0-301F-11D3-BF4B-00C04F79EFBC}") = "ADODBApi", "Source\ADODB\ADODBApi.csproj", "{CBF10BD9-CFC5-4F6B-9BC1-374BC7C6DB80}"
EndProject
Project("{FAE04EC0-301F-11D3-BF4B-00C04F79EFBC}") = "DAOApi", "Source\DAO\DAOApi.csproj", "{9F9E1AA6-516C-4121-87A9-241C80528866}"
EndProject
Project("{FAE04EC0-301F-11D3-BF4B-00C04F79EFBC}") = "OWC10Api", "Source\OWC10\OWC10Api.csproj", "{AE08E748-9569-4538-8BB1-F9E7AF0FCB3C}"
EndProject
Project("{FAE04EC0-301F-11D3-BF4B-00C04F79EFBC}") = "MSProjectApi", "Source\MSProject\MSProjectApi.csproj", "{6C715072-6B0D-43D5-B620-2AC997CEF2CA}"
EndProject
Project("{FAE04EC0-301F-11D3-BF4B-00C04F79EFBC}") = "MSHTMLApi", "Source\MSHTML\MSHTMLApi.csproj", "{26837F52-660E-424D-80B8-30D0427E00B5}"
EndProject
Project("{FAE04EC0-301F-11D3-BF4B-00C04F79EFBC}") = "MSComctlLibApi", "Source\MSComctlLib\MSComctlLibApi.csproj", "{76A38510-A8E7-4B6F-A90B-10384D845F42}"
EndProject
Project("{FAE04EC0-301F-11D3-BF4B-00C04F79EFBC}") = "MSDATASRCApi", "Source\MSDATASRC\MSDATASRCApi.csproj", "{9D83E8F2-4EFD-4A2E-88CE-9F5943620DB6}"
EndProject
Project("{FAE04EC0-301F-11D3-BF4B-00C04F79EFBC}") = "MSFormsApi", "Source\MSForms\MSFormsApi.csproj", "{F1A3EBA7-5C09-4986-9821-244E8468FBAE}"
EndProject
Project("{FAE04EC0-301F-11D3-BF4B-00C04F79EFBC}") = "VisioApi", "Source\Visio\VisioApi.csproj", "{581B0DB6-8146-4729-9AE6-61B27F53B3E6}"
EndProject
Project("{2150E333-8FDC-42A3-9474-1A3956D46DE8}") = "tests", "tests", "{07AFEB14-D006-453E-A11C-19B341A0D35C}"
EndProject
Project("{2150E333-8FDC-42A3-9474-1A3956D46DE8}") = "src", "src", "{06051A8F-2B68-4C28-BA93-7541478D2F3B}"
EndProject
Project("{FAE04EC0-301F-11D3-BF4B-00C04F79EFBC}") = "NetOffice.UnitTests", "Tests\NetOffice.UnitTests\NetOffice.UnitTests.csproj", "{0118ABDE-4645-47DB-8C38-748AFD2B35FC}"
EndProject
Project("{FAE04EC0-301F-11D3-BF4B-00C04F79EFBC}") = "PublisherApi", "Source\Publisher\PublisherApi.csproj", "{044A2BC3-7F84-4BEC-8B99-9E3432FAD88E}"
EndProject
Global
	GlobalSection(SolutionConfigurationPlatforms) = preSolution
		Debug|Any CPU = Debug|Any CPU
		Release|Any CPU = Release|Any CPU
	EndGlobalSection
	GlobalSection(ProjectConfigurationPlatforms) = postSolution
		{43C2FFD2-1680-490A-B0CF-BE425D6EEC7C}.Debug|Any CPU.ActiveCfg = Debug|Any CPU
		{43C2FFD2-1680-490A-B0CF-BE425D6EEC7C}.Debug|Any CPU.Build.0 = Debug|Any CPU
		{43C2FFD2-1680-490A-B0CF-BE425D6EEC7C}.Release|Any CPU.ActiveCfg = Release|Any CPU
		{43C2FFD2-1680-490A-B0CF-BE425D6EEC7C}.Release|Any CPU.Build.0 = Release|Any CPU
		{79B19A83-A79F-446C-9B7E-9B595E918E40}.Debug|Any CPU.ActiveCfg = Debug|Any CPU
		{79B19A83-A79F-446C-9B7E-9B595E918E40}.Debug|Any CPU.Build.0 = Debug|Any CPU
		{79B19A83-A79F-446C-9B7E-9B595E918E40}.Release|Any CPU.ActiveCfg = Release|Any CPU
		{79B19A83-A79F-446C-9B7E-9B595E918E40}.Release|Any CPU.Build.0 = Release|Any CPU
		{ACD7DB2E-DDB2-4BBB-BDB9-C2FD953585C4}.Debug|Any CPU.ActiveCfg = Debug|Any CPU
		{ACD7DB2E-DDB2-4BBB-BDB9-C2FD953585C4}.Debug|Any CPU.Build.0 = Debug|Any CPU
		{ACD7DB2E-DDB2-4BBB-BDB9-C2FD953585C4}.Release|Any CPU.ActiveCfg = Release|Any CPU
		{ACD7DB2E-DDB2-4BBB-BDB9-C2FD953585C4}.Release|Any CPU.Build.0 = Release|Any CPU
		{65442327-D01F-4ECB-8C39-6D5C7622A80F}.Debug|Any CPU.ActiveCfg = Debug|Any CPU
		{65442327-D01F-4ECB-8C39-6D5C7622A80F}.Debug|Any CPU.Build.0 = Debug|Any CPU
		{65442327-D01F-4ECB-8C39-6D5C7622A80F}.Release|Any CPU.ActiveCfg = Release|Any CPU
		{65442327-D01F-4ECB-8C39-6D5C7622A80F}.Release|Any CPU.Build.0 = Release|Any CPU
		{5C457066-D488-4BC1-B7F8-1E90F2A80648}.Debug|Any CPU.ActiveCfg = Debug|Any CPU
		{5C457066-D488-4BC1-B7F8-1E90F2A80648}.Debug|Any CPU.Build.0 = Debug|Any CPU
		{5C457066-D488-4BC1-B7F8-1E90F2A80648}.Release|Any CPU.ActiveCfg = Release|Any CPU
		{5C457066-D488-4BC1-B7F8-1E90F2A80648}.Release|Any CPU.Build.0 = Release|Any CPU
		{98DE103A-F036-4814-A740-9B4DE13001FF}.Debug|Any CPU.ActiveCfg = Debug|Any CPU
		{98DE103A-F036-4814-A740-9B4DE13001FF}.Debug|Any CPU.Build.0 = Debug|Any CPU
		{98DE103A-F036-4814-A740-9B4DE13001FF}.Release|Any CPU.ActiveCfg = Release|Any CPU
		{98DE103A-F036-4814-A740-9B4DE13001FF}.Release|Any CPU.Build.0 = Release|Any CPU
		{D2DF07D1-46EA-4578-9183-9ABB368547E5}.Debug|Any CPU.ActiveCfg = Debug|Any CPU
		{D2DF07D1-46EA-4578-9183-9ABB368547E5}.Debug|Any CPU.Build.0 = Debug|Any CPU
		{D2DF07D1-46EA-4578-9183-9ABB368547E5}.Release|Any CPU.ActiveCfg = Release|Any CPU
		{D2DF07D1-46EA-4578-9183-9ABB368547E5}.Release|Any CPU.Build.0 = Release|Any CPU
		{61C1EB27-64CC-4E88-A3AE-1E6D002E15D1}.Debug|Any CPU.ActiveCfg = Debug|Any CPU
		{61C1EB27-64CC-4E88-A3AE-1E6D002E15D1}.Debug|Any CPU.Build.0 = Debug|Any CPU
		{61C1EB27-64CC-4E88-A3AE-1E6D002E15D1}.Release|Any CPU.ActiveCfg = Release|Any CPU
		{61C1EB27-64CC-4E88-A3AE-1E6D002E15D1}.Release|Any CPU.Build.0 = Release|Any CPU
		{61C1EB27-64CC-4E88-A3AE-1E6D002E15D1}.Release|Any CPU.Deploy.0 = Release|Any CPU
		{CBF10BD9-CFC5-4F6B-9BC1-374BC7C6DB80}.Debug|Any CPU.ActiveCfg = Debug|Any CPU
		{CBF10BD9-CFC5-4F6B-9BC1-374BC7C6DB80}.Debug|Any CPU.Build.0 = Debug|Any CPU
		{CBF10BD9-CFC5-4F6B-9BC1-374BC7C6DB80}.Release|Any CPU.ActiveCfg = Release|Any CPU
		{CBF10BD9-CFC5-4F6B-9BC1-374BC7C6DB80}.Release|Any CPU.Build.0 = Release|Any CPU
		{9F9E1AA6-516C-4121-87A9-241C80528866}.Debug|Any CPU.ActiveCfg = Debug|Any CPU
		{9F9E1AA6-516C-4121-87A9-241C80528866}.Debug|Any CPU.Build.0 = Debug|Any CPU
		{9F9E1AA6-516C-4121-87A9-241C80528866}.Release|Any CPU.ActiveCfg = Release|Any CPU
		{9F9E1AA6-516C-4121-87A9-241C80528866}.Release|Any CPU.Build.0 = Release|Any CPU
		{AE08E748-9569-4538-8BB1-F9E7AF0FCB3C}.Debug|Any CPU.ActiveCfg = Debug|Any CPU
		{AE08E748-9569-4538-8BB1-F9E7AF0FCB3C}.Debug|Any CPU.Build.0 = Debug|Any CPU
		{AE08E748-9569-4538-8BB1-F9E7AF0FCB3C}.Release|Any CPU.ActiveCfg = Release|Any CPU
		{AE08E748-9569-4538-8BB1-F9E7AF0FCB3C}.Release|Any CPU.Build.0 = Release|Any CPU
		{6C715072-6B0D-43D5-B620-2AC997CEF2CA}.Debug|Any CPU.ActiveCfg = Debug|Any CPU
		{6C715072-6B0D-43D5-B620-2AC997CEF2CA}.Debug|Any CPU.Build.0 = Debug|Any CPU
		{6C715072-6B0D-43D5-B620-2AC997CEF2CA}.Release|Any CPU.ActiveCfg = Release|Any CPU
		{6C715072-6B0D-43D5-B620-2AC997CEF2CA}.Release|Any CPU.Build.0 = Release|Any CPU
		{26837F52-660E-424D-80B8-30D0427E00B5}.Debug|Any CPU.ActiveCfg = Debug|Any CPU
		{26837F52-660E-424D-80B8-30D0427E00B5}.Debug|Any CPU.Build.0 = Debug|Any CPU
		{26837F52-660E-424D-80B8-30D0427E00B5}.Release|Any CPU.ActiveCfg = Release|Any CPU
		{26837F52-660E-424D-80B8-30D0427E00B5}.Release|Any CPU.Build.0 = Release|Any CPU
		{76A38510-A8E7-4B6F-A90B-10384D845F42}.Debug|Any CPU.ActiveCfg = Debug|Any CPU
		{76A38510-A8E7-4B6F-A90B-10384D845F42}.Debug|Any CPU.Build.0 = Debug|Any CPU
		{76A38510-A8E7-4B6F-A90B-10384D845F42}.Release|Any CPU.ActiveCfg = Release|Any CPU
		{76A38510-A8E7-4B6F-A90B-10384D845F42}.Release|Any CPU.Build.0 = Release|Any CPU
		{9D83E8F2-4EFD-4A2E-88CE-9F5943620DB6}.Debug|Any CPU.ActiveCfg = Debug|Any CPU
		{9D83E8F2-4EFD-4A2E-88CE-9F5943620DB6}.Debug|Any CPU.Build.0 = Debug|Any CPU
		{9D83E8F2-4EFD-4A2E-88CE-9F5943620DB6}.Release|Any CPU.ActiveCfg = Release|Any CPU
		{9D83E8F2-4EFD-4A2E-88CE-9F5943620DB6}.Release|Any CPU.Build.0 = Release|Any CPU
		{F1A3EBA7-5C09-4986-9821-244E8468FBAE}.Debug|Any CPU.ActiveCfg = Debug|Any CPU
		{F1A3EBA7-5C09-4986-9821-244E8468FBAE}.Debug|Any CPU.Build.0 = Debug|Any CPU
		{F1A3EBA7-5C09-4986-9821-244E8468FBAE}.Release|Any CPU.ActiveCfg = Release|Any CPU
		{F1A3EBA7-5C09-4986-9821-244E8468FBAE}.Release|Any CPU.Build.0 = Release|Any CPU
		{F1A3EBA7-5C09-4986-9821-244E8468FBAE}.Release|Any CPU.Deploy.0 = Release|Any CPU
		{581B0DB6-8146-4729-9AE6-61B27F53B3E6}.Debug|Any CPU.ActiveCfg = Debug|Any CPU
		{581B0DB6-8146-4729-9AE6-61B27F53B3E6}.Debug|Any CPU.Build.0 = Debug|Any CPU
		{581B0DB6-8146-4729-9AE6-61B27F53B3E6}.Release|Any CPU.ActiveCfg = Release|Any CPU
		{581B0DB6-8146-4729-9AE6-61B27F53B3E6}.Release|Any CPU.Build.0 = Release|Any CPU
		{0118ABDE-4645-47DB-8C38-748AFD2B35FC}.Debug|Any CPU.ActiveCfg = Debug|Any CPU
		{0118ABDE-4645-47DB-8C38-748AFD2B35FC}.Debug|Any CPU.Build.0 = Debug|Any CPU
		{0118ABDE-4645-47DB-8C38-748AFD2B35FC}.Release|Any CPU.ActiveCfg = Release|Any CPU
		{0118ABDE-4645-47DB-8C38-748AFD2B35FC}.Release|Any CPU.Build.0 = Release|Any CPU
		{044A2BC3-7F84-4BEC-8B99-9E3432FAD88E}.Debug|Any CPU.ActiveCfg = Debug|Any CPU
		{044A2BC3-7F84-4BEC-8B99-9E3432FAD88E}.Debug|Any CPU.Build.0 = Debug|Any CPU
		{044A2BC3-7F84-4BEC-8B99-9E3432FAD88E}.Release|Any CPU.ActiveCfg = Release|Any CPU
		{044A2BC3-7F84-4BEC-8B99-9E3432FAD88E}.Release|Any CPU.Build.0 = Release|Any CPU
	EndGlobalSection
	GlobalSection(SolutionProperties) = preSolution
		HideSolutionNode = FALSE
	EndGlobalSection
	GlobalSection(NestedProjects) = preSolution
		{43C2FFD2-1680-490A-B0CF-BE425D6EEC7C} = {06051A8F-2B68-4C28-BA93-7541478D2F3B}
		{79B19A83-A79F-446C-9B7E-9B595E918E40} = {06051A8F-2B68-4C28-BA93-7541478D2F3B}
		{ACD7DB2E-DDB2-4BBB-BDB9-C2FD953585C4} = {06051A8F-2B68-4C28-BA93-7541478D2F3B}
		{65442327-D01F-4ECB-8C39-6D5C7622A80F} = {06051A8F-2B68-4C28-BA93-7541478D2F3B}
		{5C457066-D488-4BC1-B7F8-1E90F2A80648} = {06051A8F-2B68-4C28-BA93-7541478D2F3B}
		{98DE103A-F036-4814-A740-9B4DE13001FF} = {06051A8F-2B68-4C28-BA93-7541478D2F3B}
		{D2DF07D1-46EA-4578-9183-9ABB368547E5} = {06051A8F-2B68-4C28-BA93-7541478D2F3B}
		{61C1EB27-64CC-4E88-A3AE-1E6D002E15D1} = {06051A8F-2B68-4C28-BA93-7541478D2F3B}
		{CBF10BD9-CFC5-4F6B-9BC1-374BC7C6DB80} = {06051A8F-2B68-4C28-BA93-7541478D2F3B}
		{9F9E1AA6-516C-4121-87A9-241C80528866} = {06051A8F-2B68-4C28-BA93-7541478D2F3B}
		{AE08E748-9569-4538-8BB1-F9E7AF0FCB3C} = {06051A8F-2B68-4C28-BA93-7541478D2F3B}
		{6C715072-6B0D-43D5-B620-2AC997CEF2CA} = {06051A8F-2B68-4C28-BA93-7541478D2F3B}
		{26837F52-660E-424D-80B8-30D0427E00B5} = {06051A8F-2B68-4C28-BA93-7541478D2F3B}
		{76A38510-A8E7-4B6F-A90B-10384D845F42} = {06051A8F-2B68-4C28-BA93-7541478D2F3B}
		{9D83E8F2-4EFD-4A2E-88CE-9F5943620DB6} = {06051A8F-2B68-4C28-BA93-7541478D2F3B}
		{F1A3EBA7-5C09-4986-9821-244E8468FBAE} = {06051A8F-2B68-4C28-BA93-7541478D2F3B}
		{581B0DB6-8146-4729-9AE6-61B27F53B3E6} = {06051A8F-2B68-4C28-BA93-7541478D2F3B}
		{044A2BC3-7F84-4BEC-8B99-9E3432FAD88E} = {06051A8F-2B68-4C28-BA93-7541478D2F3B}
		{0118ABDE-4645-47DB-8C38-748AFD2B35FC} = {07AFEB14-D006-453E-A11C-19B341A0D35C}
	EndGlobalSection
EndGlobal
