
Microsoft Visual Studio Solution File, Format Version 12.00
# Visual Studio Version 17
VisualStudioVersion = 17.5.33516.290
MinimumVisualStudioVersion = 10.0.40219.1
Project("{9A19103F-16F7-4668-BE54-9A1E7A4F7556}") = "WordAddinCore", "WordAddinCore.csproj", "{A3A7189F-3D99-47F7-A451-ECC7003744E6}"
EndProject
Project("{9A19103F-16F7-4668-BE54-9A1E7A4F7556}") = "WordApi", "..\..\..\Source\Word\WordApi.csproj", "{260973C4-E060-4007-B264-9886B793646E}"
EndProject
Global
	GlobalSection(SolutionConfigurationPlatforms) = preSolution
		Debug|Any CPU = Debug|Any CPU
		Release|Any CPU = Release|Any CPU
	EndGlobalSection
	GlobalSection(ProjectConfigurationPlatforms) = postSolution
		{A3A7189F-3D99-47F7-A451-ECC7003744E6}.Debug|Any CPU.ActiveCfg = Debug|x86
		{A3A7189F-3D99-47F7-A451-ECC7003744E6}.Debug|Any CPU.Build.0 = Debug|x86
		{A3A7189F-3D99-47F7-A451-ECC7003744E6}.Release|Any CPU.ActiveCfg = Release|Any CPU
		{A3A7189F-3D99-47F7-A451-ECC7003744E6}.Release|Any CPU.Build.0 = Release|Any CPU
		{260973C4-E060-4007-B264-9886B793646E}.Debug|Any CPU.ActiveCfg = Debug|Any CPU
		{260973C4-E060-4007-B264-9886B793646E}.Debug|Any CPU.Build.0 = Debug|Any CPU
		{260973C4-E060-4007-B264-9886B793646E}.Release|Any CPU.ActiveCfg = Release|Any CPU
		{260973C4-E060-4007-B264-9886B793646E}.Release|Any CPU.Build.0 = Release|Any CPU
	EndGlobalSection
	GlobalSection(SolutionProperties) = preSolution
		HideSolutionNode = FALSE
	EndGlobalSection
	GlobalSection(ExtensibilityGlobals) = postSolution
		SolutionGuid = {6F19A0F2-ADA1-417B-8035-646401EFB9FF}
	EndGlobalSection
EndGlobal
