
Microsoft Visual Studio Solution File, Format Version 11.00
# Visual Studio 2010
Project("{FAE04EC0-301F-11D3-BF4B-00C04F79EFBC}") = "ClientApplication", "ClientApplication\ClientApplication.csproj", "{DF73F99F-DFC0-42D1-9EDF-AD7D890C53D5}"
	ProjectSection(ProjectDependencies) = postProject
		{1E705792-F476-497B-99CB-E8C89FD80DA3} = {1E705792-F476-497B-99CB-E8C89FD80DA3}
		{C5EB22A4-FC7E-4AB1-9E4B-6380365F4879} = {C5EB22A4-FC7E-4AB1-9E4B-6380365F4879}
		{FA4A3102-B937-40B0-8947-FBBF86B493F8} = {FA4A3102-B937-40B0-8947-FBBF86B493F8}
		{3241EC55-E23C-4544-8A8D-97DC48E31E2E} = {3241EC55-E23C-4544-8A8D-97DC48E31E2E}
		{715E7753-80D4-4725-9A2A-66D05BD7678F} = {715E7753-80D4-4725-9A2A-66D05BD7678F}
		{5E1DE7DA-162C-46F5-A1FA-46463C6BB088} = {5E1DE7DA-162C-46F5-A1FA-46463C6BB088}
		{8042A2E4-7CE6-4D4A-8EE7-C8368ED20434} = {8042A2E4-7CE6-4D4A-8EE7-C8368ED20434}
		{7195FF6B-6BC9-40C7-8F14-EE04539C7614} = {7195FF6B-6BC9-40C7-8F14-EE04539C7614}
		{51ED4F7D-AA7D-45C2-8374-D33D3DD97003} = {51ED4F7D-AA7D-45C2-8374-D33D3DD97003}
		{80A06E73-BE60-4182-BE48-5A4E5B2E888C} = {80A06E73-BE60-4182-BE48-5A4E5B2E888C}
		{C38A5FB6-4E32-4DBA-9D0D-84A4BA2EBE73} = {C38A5FB6-4E32-4DBA-9D0D-84A4BA2EBE73}
		{B458B3F0-D66B-42E1-A737-098285A45A68} = {B458B3F0-D66B-42E1-A737-098285A45A68}
		{00D1FD43-279B-4268-BD76-BEB1F1EC27BF} = {00D1FD43-279B-4268-BD76-BEB1F1EC27BF}
		{647D3E96-C695-4E68-B4C7-14FA8836C91E} = {647D3E96-C695-4E68-B4C7-14FA8836C91E}
	EndProjectSection
EndProject
Project("{FAE04EC0-301F-11D3-BF4B-00C04F79EFBC}") = "OfficeApi", "Office\OfficeApi.csproj", "{1E705792-F476-497B-99CB-E8C89FD80DA3}"
EndProject
Project("{FAE04EC0-301F-11D3-BF4B-00C04F79EFBC}") = "ExcelApi", "Excel\ExcelApi.csproj", "{C5EB22A4-FC7E-4AB1-9E4B-6380365F4879}"
	ProjectSection(ProjectDependencies) = postProject
		{1E705792-F476-497B-99CB-E8C89FD80DA3} = {1E705792-F476-497B-99CB-E8C89FD80DA3}
		{FA4A3102-B937-40B0-8947-FBBF86B493F8} = {FA4A3102-B937-40B0-8947-FBBF86B493F8}
	EndProjectSection
EndProject
Project("{FAE04EC0-301F-11D3-BF4B-00C04F79EFBC}") = "VBIDEApi", "VBIDE\VBIDEApi.csproj", "{FA4A3102-B937-40B0-8947-FBBF86B493F8}"
	ProjectSection(ProjectDependencies) = postProject
		{1E705792-F476-497B-99CB-E8C89FD80DA3} = {1E705792-F476-497B-99CB-E8C89FD80DA3}
	EndProjectSection
EndProject
Project("{FAE04EC0-301F-11D3-BF4B-00C04F79EFBC}") = "WordApi", "Word\WordApi.csproj", "{3241EC55-E23C-4544-8A8D-97DC48E31E2E}"
	ProjectSection(ProjectDependencies) = postProject
		{1E705792-F476-497B-99CB-E8C89FD80DA3} = {1E705792-F476-497B-99CB-E8C89FD80DA3}
		{FA4A3102-B937-40B0-8947-FBBF86B493F8} = {FA4A3102-B937-40B0-8947-FBBF86B493F8}
	EndProjectSection
EndProject
Project("{FAE04EC0-301F-11D3-BF4B-00C04F79EFBC}") = "OutlookApi", "Outlook\OutlookApi.csproj", "{715E7753-80D4-4725-9A2A-66D05BD7678F}"
	ProjectSection(ProjectDependencies) = postProject
		{1E705792-F476-497B-99CB-E8C89FD80DA3} = {1E705792-F476-497B-99CB-E8C89FD80DA3}
	EndProjectSection
EndProject
Project("{FAE04EC0-301F-11D3-BF4B-00C04F79EFBC}") = "PowerPointApi", "PowerPoint\PowerPointApi.csproj", "{5E1DE7DA-162C-46F5-A1FA-46463C6BB088}"
	ProjectSection(ProjectDependencies) = postProject
		{1E705792-F476-497B-99CB-E8C89FD80DA3} = {1E705792-F476-497B-99CB-E8C89FD80DA3}
		{FA4A3102-B937-40B0-8947-FBBF86B493F8} = {FA4A3102-B937-40B0-8947-FBBF86B493F8}
	EndProjectSection
EndProject
Project("{FAE04EC0-301F-11D3-BF4B-00C04F79EFBC}") = "AccessApi", "Access\AccessApi.csproj", "{8042A2E4-7CE6-4D4A-8EE7-C8368ED20434}"
	ProjectSection(ProjectDependencies) = postProject
		{1E705792-F476-497B-99CB-E8C89FD80DA3} = {1E705792-F476-497B-99CB-E8C89FD80DA3}
		{7195FF6B-6BC9-40C7-8F14-EE04539C7614} = {7195FF6B-6BC9-40C7-8F14-EE04539C7614}
		{FA4A3102-B937-40B0-8947-FBBF86B493F8} = {FA4A3102-B937-40B0-8947-FBBF86B493F8}
		{51ED4F7D-AA7D-45C2-8374-D33D3DD97003} = {51ED4F7D-AA7D-45C2-8374-D33D3DD97003}
		{80A06E73-BE60-4182-BE48-5A4E5B2E888C} = {80A06E73-BE60-4182-BE48-5A4E5B2E888C}
	EndProjectSection
EndProject
Project("{FAE04EC0-301F-11D3-BF4B-00C04F79EFBC}") = "DAOApi", "DAO\DAOApi.csproj", "{7195FF6B-6BC9-40C7-8F14-EE04539C7614}"
EndProject
Project("{FAE04EC0-301F-11D3-BF4B-00C04F79EFBC}") = "ADODBApi", "ADODB\ADODBApi.csproj", "{51ED4F7D-AA7D-45C2-8374-D33D3DD97003}"
EndProject
Project("{FAE04EC0-301F-11D3-BF4B-00C04F79EFBC}") = "OWC10Api", "OWC10\OWC10Api.csproj", "{80A06E73-BE60-4182-BE48-5A4E5B2E888C}"
	ProjectSection(ProjectDependencies) = postProject
		{C38A5FB6-4E32-4DBA-9D0D-84A4BA2EBE73} = {C38A5FB6-4E32-4DBA-9D0D-84A4BA2EBE73}
		{B458B3F0-D66B-42E1-A737-098285A45A68} = {B458B3F0-D66B-42E1-A737-098285A45A68}
		{51ED4F7D-AA7D-45C2-8374-D33D3DD97003} = {51ED4F7D-AA7D-45C2-8374-D33D3DD97003}
	EndProjectSection
EndProject
Project("{FAE04EC0-301F-11D3-BF4B-00C04F79EFBC}") = "MSDATASRCApi", "MSDATASRC\MSDATASRCApi.csproj", "{C38A5FB6-4E32-4DBA-9D0D-84A4BA2EBE73}"
EndProject
Project("{FAE04EC0-301F-11D3-BF4B-00C04F79EFBC}") = "MSComctlLibApi", "MSComctlLib\MSComctlLibApi.csproj", "{B458B3F0-D66B-42E1-A737-098285A45A68}"
EndProject
Project("{FAE04EC0-301F-11D3-BF4B-00C04F79EFBC}") = "MSProjectApi", "MSProject\MSProjectApi.csproj", "{00D1FD43-279B-4268-BD76-BEB1F1EC27BF}"
	ProjectSection(ProjectDependencies) = postProject
		{1E705792-F476-497B-99CB-E8C89FD80DA3} = {1E705792-F476-497B-99CB-E8C89FD80DA3}
		{FA4A3102-B937-40B0-8947-FBBF86B493F8} = {FA4A3102-B937-40B0-8947-FBBF86B493F8}
		{647D3E96-C695-4E68-B4C7-14FA8836C91E} = {647D3E96-C695-4E68-B4C7-14FA8836C91E}
	EndProjectSection
EndProject
Project("{FAE04EC0-301F-11D3-BF4B-00C04F79EFBC}") = "MSHTMLApi", "MSHTML\MSHTMLApi.csproj", "{647D3E96-C695-4E68-B4C7-14FA8836C91E}"
EndProject
Project("{FAE04EC0-301F-11D3-BF4B-00C04F79EFBC}") = "LateBindingApi.Core", "LateBindingApi.Core\LateBindingApi.Core.csproj", "{65442327-D01F-4ECB-8C39-6D5C7622A80F}"
EndProject
Global
	GlobalSection(SolutionConfigurationPlatforms) = preSolution
		Debug|Any CPU = Debug|Any CPU
		Release|Any CPU = Release|Any CPU
	EndGlobalSection
	GlobalSection(ProjectConfigurationPlatforms) = postSolution
		{DF73F99F-DFC0-42D1-9EDF-AD7D890C53D5}.Debug|Any CPU.ActiveCfg = Debug|Any CPU
		{DF73F99F-DFC0-42D1-9EDF-AD7D890C53D5}.Debug|Any CPU.Build.0 = Debug|Any CPU
		{DF73F99F-DFC0-42D1-9EDF-AD7D890C53D5}.Release|Any CPU.ActiveCfg = Release|Any CPU
		{DF73F99F-DFC0-42D1-9EDF-AD7D890C53D5}.Release|Any CPU.Build.0 = Release|Any CPU
		{1E705792-F476-497B-99CB-E8C89FD80DA3}.Debug|Any CPU.ActiveCfg = Debug|Any CPU
		{1E705792-F476-497B-99CB-E8C89FD80DA3}.Debug|Any CPU.Build.0 = Debug|Any CPU
		{1E705792-F476-497B-99CB-E8C89FD80DA3}.Release|Any CPU.ActiveCfg = Release|Any CPU
		{1E705792-F476-497B-99CB-E8C89FD80DA3}.Release|Any CPU.Build.0 = Release|Any CPU
		{C5EB22A4-FC7E-4AB1-9E4B-6380365F4879}.Debug|Any CPU.ActiveCfg = Debug|Any CPU
		{C5EB22A4-FC7E-4AB1-9E4B-6380365F4879}.Debug|Any CPU.Build.0 = Debug|Any CPU
		{C5EB22A4-FC7E-4AB1-9E4B-6380365F4879}.Release|Any CPU.ActiveCfg = Release|Any CPU
		{C5EB22A4-FC7E-4AB1-9E4B-6380365F4879}.Release|Any CPU.Build.0 = Release|Any CPU
		{FA4A3102-B937-40B0-8947-FBBF86B493F8}.Debug|Any CPU.ActiveCfg = Debug|Any CPU
		{FA4A3102-B937-40B0-8947-FBBF86B493F8}.Debug|Any CPU.Build.0 = Debug|Any CPU
		{FA4A3102-B937-40B0-8947-FBBF86B493F8}.Release|Any CPU.ActiveCfg = Release|Any CPU
		{FA4A3102-B937-40B0-8947-FBBF86B493F8}.Release|Any CPU.Build.0 = Release|Any CPU
		{3241EC55-E23C-4544-8A8D-97DC48E31E2E}.Debug|Any CPU.ActiveCfg = Debug|Any CPU
		{3241EC55-E23C-4544-8A8D-97DC48E31E2E}.Debug|Any CPU.Build.0 = Debug|Any CPU
		{3241EC55-E23C-4544-8A8D-97DC48E31E2E}.Release|Any CPU.ActiveCfg = Release|Any CPU
		{3241EC55-E23C-4544-8A8D-97DC48E31E2E}.Release|Any CPU.Build.0 = Release|Any CPU
		{715E7753-80D4-4725-9A2A-66D05BD7678F}.Debug|Any CPU.ActiveCfg = Debug|Any CPU
		{715E7753-80D4-4725-9A2A-66D05BD7678F}.Debug|Any CPU.Build.0 = Debug|Any CPU
		{715E7753-80D4-4725-9A2A-66D05BD7678F}.Release|Any CPU.ActiveCfg = Release|Any CPU
		{715E7753-80D4-4725-9A2A-66D05BD7678F}.Release|Any CPU.Build.0 = Release|Any CPU
		{5E1DE7DA-162C-46F5-A1FA-46463C6BB088}.Debug|Any CPU.ActiveCfg = Debug|Any CPU
		{5E1DE7DA-162C-46F5-A1FA-46463C6BB088}.Debug|Any CPU.Build.0 = Debug|Any CPU
		{5E1DE7DA-162C-46F5-A1FA-46463C6BB088}.Release|Any CPU.ActiveCfg = Release|Any CPU
		{5E1DE7DA-162C-46F5-A1FA-46463C6BB088}.Release|Any CPU.Build.0 = Release|Any CPU
		{8042A2E4-7CE6-4D4A-8EE7-C8368ED20434}.Debug|Any CPU.ActiveCfg = Debug|Any CPU
		{8042A2E4-7CE6-4D4A-8EE7-C8368ED20434}.Debug|Any CPU.Build.0 = Debug|Any CPU
		{8042A2E4-7CE6-4D4A-8EE7-C8368ED20434}.Release|Any CPU.ActiveCfg = Release|Any CPU
		{8042A2E4-7CE6-4D4A-8EE7-C8368ED20434}.Release|Any CPU.Build.0 = Release|Any CPU
		{7195FF6B-6BC9-40C7-8F14-EE04539C7614}.Debug|Any CPU.ActiveCfg = Debug|Any CPU
		{7195FF6B-6BC9-40C7-8F14-EE04539C7614}.Debug|Any CPU.Build.0 = Debug|Any CPU
		{7195FF6B-6BC9-40C7-8F14-EE04539C7614}.Release|Any CPU.ActiveCfg = Release|Any CPU
		{7195FF6B-6BC9-40C7-8F14-EE04539C7614}.Release|Any CPU.Build.0 = Release|Any CPU
		{51ED4F7D-AA7D-45C2-8374-D33D3DD97003}.Debug|Any CPU.ActiveCfg = Debug|Any CPU
		{51ED4F7D-AA7D-45C2-8374-D33D3DD97003}.Debug|Any CPU.Build.0 = Debug|Any CPU
		{51ED4F7D-AA7D-45C2-8374-D33D3DD97003}.Release|Any CPU.ActiveCfg = Release|Any CPU
		{51ED4F7D-AA7D-45C2-8374-D33D3DD97003}.Release|Any CPU.Build.0 = Release|Any CPU
		{80A06E73-BE60-4182-BE48-5A4E5B2E888C}.Debug|Any CPU.ActiveCfg = Debug|Any CPU
		{80A06E73-BE60-4182-BE48-5A4E5B2E888C}.Debug|Any CPU.Build.0 = Debug|Any CPU
		{80A06E73-BE60-4182-BE48-5A4E5B2E888C}.Release|Any CPU.ActiveCfg = Release|Any CPU
		{80A06E73-BE60-4182-BE48-5A4E5B2E888C}.Release|Any CPU.Build.0 = Release|Any CPU
		{C38A5FB6-4E32-4DBA-9D0D-84A4BA2EBE73}.Debug|Any CPU.ActiveCfg = Debug|Any CPU
		{C38A5FB6-4E32-4DBA-9D0D-84A4BA2EBE73}.Debug|Any CPU.Build.0 = Debug|Any CPU
		{C38A5FB6-4E32-4DBA-9D0D-84A4BA2EBE73}.Release|Any CPU.ActiveCfg = Release|Any CPU
		{C38A5FB6-4E32-4DBA-9D0D-84A4BA2EBE73}.Release|Any CPU.Build.0 = Release|Any CPU
		{B458B3F0-D66B-42E1-A737-098285A45A68}.Debug|Any CPU.ActiveCfg = Debug|Any CPU
		{B458B3F0-D66B-42E1-A737-098285A45A68}.Debug|Any CPU.Build.0 = Debug|Any CPU
		{B458B3F0-D66B-42E1-A737-098285A45A68}.Release|Any CPU.ActiveCfg = Release|Any CPU
		{B458B3F0-D66B-42E1-A737-098285A45A68}.Release|Any CPU.Build.0 = Release|Any CPU
		{00D1FD43-279B-4268-BD76-BEB1F1EC27BF}.Debug|Any CPU.ActiveCfg = Debug|Any CPU
		{00D1FD43-279B-4268-BD76-BEB1F1EC27BF}.Debug|Any CPU.Build.0 = Debug|Any CPU
		{00D1FD43-279B-4268-BD76-BEB1F1EC27BF}.Release|Any CPU.ActiveCfg = Release|Any CPU
		{00D1FD43-279B-4268-BD76-BEB1F1EC27BF}.Release|Any CPU.Build.0 = Release|Any CPU
		{647D3E96-C695-4E68-B4C7-14FA8836C91E}.Debug|Any CPU.ActiveCfg = Debug|Any CPU
		{647D3E96-C695-4E68-B4C7-14FA8836C91E}.Debug|Any CPU.Build.0 = Debug|Any CPU
		{647D3E96-C695-4E68-B4C7-14FA8836C91E}.Release|Any CPU.ActiveCfg = Release|Any CPU
		{647D3E96-C695-4E68-B4C7-14FA8836C91E}.Release|Any CPU.Build.0 = Release|Any CPU
		{65442327-D01F-4ECB-8C39-6D5C7622A80F}.Debug|Any CPU.ActiveCfg = Debug|Any CPU
		{65442327-D01F-4ECB-8C39-6D5C7622A80F}.Debug|Any CPU.Build.0 = Debug|Any CPU
		{65442327-D01F-4ECB-8C39-6D5C7622A80F}.Release|Any CPU.ActiveCfg = Release|Any CPU
		{65442327-D01F-4ECB-8C39-6D5C7622A80F}.Release|Any CPU.Build.0 = Release|Any CPU
	EndGlobalSection
	GlobalSection(SolutionProperties) = preSolution
		HideSolutionNode = FALSE
	EndGlobalSection
EndGlobal
