
Microsoft Visual Studio Solution File, Format Version 11.00
# Visual Studio 2010
Project("{FAE04EC0-301F-11D3-BF4B-00C04F79EFBC}") = "ClientApplication", "ClientApplication\ClientApplication.csproj", "{DF73F99F-DFC0-42D1-9EDF-AD7D890C53D5}"
	ProjectSection(ProjectDependencies) = postProject
		{3046F1E7-134C-411D-8932-942F96D33CF3} = {3046F1E7-134C-411D-8932-942F96D33CF3}
		{A41029DC-2855-4069-B9F1-32EA08BE511B} = {A41029DC-2855-4069-B9F1-32EA08BE511B}
		{AB8BA0A7-B29F-4A36-8E78-7240F2FA11E2} = {AB8BA0A7-B29F-4A36-8E78-7240F2FA11E2}
		{ACBBE5A9-7DBB-499E-83EA-1CB3B99975C1} = {ACBBE5A9-7DBB-499E-83EA-1CB3B99975C1}
		{8E8DAF74-6CFD-4FA7-AA26-C7113C5A6141} = {8E8DAF74-6CFD-4FA7-AA26-C7113C5A6141}
		{F709B043-D0CA-4D39-8F1E-F04AFB173F10} = {F709B043-D0CA-4D39-8F1E-F04AFB173F10}
		{CB1CFEE0-949D-4F8F-A057-25D5003821D1} = {CB1CFEE0-949D-4F8F-A057-25D5003821D1}
		{E89FCDA0-BD75-46D3-8B74-7B106740E763} = {E89FCDA0-BD75-46D3-8B74-7B106740E763}
		{C26A69EF-1D63-4C08-BAB3-6DA7B3607F7B} = {C26A69EF-1D63-4C08-BAB3-6DA7B3607F7B}
		{DF2B4A16-48E4-448E-B0D5-52CF07D8934C} = {DF2B4A16-48E4-448E-B0D5-52CF07D8934C}
		{84C03862-CE6A-4C54-90AE-31CCD2C05A17} = {84C03862-CE6A-4C54-90AE-31CCD2C05A17}
		{BC61CBC2-B1B8-4E07-AE99-CE49B06C2792} = {BC61CBC2-B1B8-4E07-AE99-CE49B06C2792}
		{DE527C97-360A-4C90-8D57-7B662373A136} = {DE527C97-360A-4C90-8D57-7B662373A136}
		{6FA55F42-D1BA-431C-B5C2-3EBB899230CE} = {6FA55F42-D1BA-431C-B5C2-3EBB899230CE}
	EndProjectSection
EndProject
Project("{FAE04EC0-301F-11D3-BF4B-00C04F79EFBC}") = "OfficeApi", "Office\OfficeApi.csproj", "{3046F1E7-134C-411D-8932-942F96D33CF3}"
EndProject
Project("{FAE04EC0-301F-11D3-BF4B-00C04F79EFBC}") = "ExcelApi", "Excel\ExcelApi.csproj", "{A41029DC-2855-4069-B9F1-32EA08BE511B}"
	ProjectSection(ProjectDependencies) = postProject
		{3046F1E7-134C-411D-8932-942F96D33CF3} = {3046F1E7-134C-411D-8932-942F96D33CF3}
		{AB8BA0A7-B29F-4A36-8E78-7240F2FA11E2} = {AB8BA0A7-B29F-4A36-8E78-7240F2FA11E2}
	EndProjectSection
EndProject
Project("{FAE04EC0-301F-11D3-BF4B-00C04F79EFBC}") = "VBIDEApi", "VBIDE\VBIDEApi.csproj", "{AB8BA0A7-B29F-4A36-8E78-7240F2FA11E2}"
	ProjectSection(ProjectDependencies) = postProject
		{3046F1E7-134C-411D-8932-942F96D33CF3} = {3046F1E7-134C-411D-8932-942F96D33CF3}
	EndProjectSection
EndProject
Project("{FAE04EC0-301F-11D3-BF4B-00C04F79EFBC}") = "WordApi", "Word\WordApi.csproj", "{ACBBE5A9-7DBB-499E-83EA-1CB3B99975C1}"
	ProjectSection(ProjectDependencies) = postProject
		{3046F1E7-134C-411D-8932-942F96D33CF3} = {3046F1E7-134C-411D-8932-942F96D33CF3}
		{AB8BA0A7-B29F-4A36-8E78-7240F2FA11E2} = {AB8BA0A7-B29F-4A36-8E78-7240F2FA11E2}
	EndProjectSection
EndProject
Project("{FAE04EC0-301F-11D3-BF4B-00C04F79EFBC}") = "OutlookApi", "Outlook\OutlookApi.csproj", "{8E8DAF74-6CFD-4FA7-AA26-C7113C5A6141}"
	ProjectSection(ProjectDependencies) = postProject
		{3046F1E7-134C-411D-8932-942F96D33CF3} = {3046F1E7-134C-411D-8932-942F96D33CF3}
	EndProjectSection
EndProject
Project("{FAE04EC0-301F-11D3-BF4B-00C04F79EFBC}") = "PowerPointApi", "PowerPoint\PowerPointApi.csproj", "{F709B043-D0CA-4D39-8F1E-F04AFB173F10}"
	ProjectSection(ProjectDependencies) = postProject
		{3046F1E7-134C-411D-8932-942F96D33CF3} = {3046F1E7-134C-411D-8932-942F96D33CF3}
		{AB8BA0A7-B29F-4A36-8E78-7240F2FA11E2} = {AB8BA0A7-B29F-4A36-8E78-7240F2FA11E2}
	EndProjectSection
EndProject
Project("{FAE04EC0-301F-11D3-BF4B-00C04F79EFBC}") = "AccessApi", "Access\AccessApi.csproj", "{CB1CFEE0-949D-4F8F-A057-25D5003821D1}"
	ProjectSection(ProjectDependencies) = postProject
		{3046F1E7-134C-411D-8932-942F96D33CF3} = {3046F1E7-134C-411D-8932-942F96D33CF3}
		{E89FCDA0-BD75-46D3-8B74-7B106740E763} = {E89FCDA0-BD75-46D3-8B74-7B106740E763}
		{AB8BA0A7-B29F-4A36-8E78-7240F2FA11E2} = {AB8BA0A7-B29F-4A36-8E78-7240F2FA11E2}
		{C26A69EF-1D63-4C08-BAB3-6DA7B3607F7B} = {C26A69EF-1D63-4C08-BAB3-6DA7B3607F7B}
		{DF2B4A16-48E4-448E-B0D5-52CF07D8934C} = {DF2B4A16-48E4-448E-B0D5-52CF07D8934C}
	EndProjectSection
EndProject
Project("{FAE04EC0-301F-11D3-BF4B-00C04F79EFBC}") = "DAOApi", "DAO\DAOApi.csproj", "{E89FCDA0-BD75-46D3-8B74-7B106740E763}"
EndProject
Project("{FAE04EC0-301F-11D3-BF4B-00C04F79EFBC}") = "ADODBApi", "ADODB\ADODBApi.csproj", "{C26A69EF-1D63-4C08-BAB3-6DA7B3607F7B}"
EndProject
Project("{FAE04EC0-301F-11D3-BF4B-00C04F79EFBC}") = "OWC10Api", "OWC10\OWC10Api.csproj", "{DF2B4A16-48E4-448E-B0D5-52CF07D8934C}"
	ProjectSection(ProjectDependencies) = postProject
		{84C03862-CE6A-4C54-90AE-31CCD2C05A17} = {84C03862-CE6A-4C54-90AE-31CCD2C05A17}
		{BC61CBC2-B1B8-4E07-AE99-CE49B06C2792} = {BC61CBC2-B1B8-4E07-AE99-CE49B06C2792}
		{C26A69EF-1D63-4C08-BAB3-6DA7B3607F7B} = {C26A69EF-1D63-4C08-BAB3-6DA7B3607F7B}
	EndProjectSection
EndProject
Project("{FAE04EC0-301F-11D3-BF4B-00C04F79EFBC}") = "MSDATASRCApi", "MSDATASRC\MSDATASRCApi.csproj", "{84C03862-CE6A-4C54-90AE-31CCD2C05A17}"
EndProject
Project("{FAE04EC0-301F-11D3-BF4B-00C04F79EFBC}") = "MSComctlLibApi", "MSComctlLib\MSComctlLibApi.csproj", "{BC61CBC2-B1B8-4E07-AE99-CE49B06C2792}"
EndProject
Project("{FAE04EC0-301F-11D3-BF4B-00C04F79EFBC}") = "MSProjectApi", "MSProject\MSProjectApi.csproj", "{DE527C97-360A-4C90-8D57-7B662373A136}"
	ProjectSection(ProjectDependencies) = postProject
		{3046F1E7-134C-411D-8932-942F96D33CF3} = {3046F1E7-134C-411D-8932-942F96D33CF3}
		{AB8BA0A7-B29F-4A36-8E78-7240F2FA11E2} = {AB8BA0A7-B29F-4A36-8E78-7240F2FA11E2}
		{6FA55F42-D1BA-431C-B5C2-3EBB899230CE} = {6FA55F42-D1BA-431C-B5C2-3EBB899230CE}
	EndProjectSection
EndProject
Project("{FAE04EC0-301F-11D3-BF4B-00C04F79EFBC}") = "MSHTMLApi", "MSHTML\MSHTMLApi.csproj", "{6FA55F42-D1BA-431C-B5C2-3EBB899230CE}"
EndProject
Project("{FAE04EC0-301F-11D3-BF4B-00C04F79EFBC}") = "LateBindingApi.Core", "LateBindingApi.Core\LateBindingApi.Core.csproj", "{65442327-D01F-4ECB-8C39-6D5C7622A80F}"
EndProject
Global
	GlobalSection(SolutionConfigurationPlatforms) = preSolution
		Debug|Any CPU = Debug|Any CPU
		Release|Any CPU = Release|Any CPU
	EndGlobalSection
	GlobalSection(ProjectConfigurationPlatforms) = postSolution
		{DF73F99F-DFC0-42D1-9EDF-AD7D890C53D5}.Debug|Any CPU.ActiveCfg = Debug|Any CPU
		{DF73F99F-DFC0-42D1-9EDF-AD7D890C53D5}.Debug|Any CPU.Build.0 = Debug|Any CPU
		{DF73F99F-DFC0-42D1-9EDF-AD7D890C53D5}.Release|Any CPU.ActiveCfg = Release|Any CPU
		{DF73F99F-DFC0-42D1-9EDF-AD7D890C53D5}.Release|Any CPU.Build.0 = Release|Any CPU
		{3046F1E7-134C-411D-8932-942F96D33CF3}.Debug|Any CPU.ActiveCfg = Debug|Any CPU
		{3046F1E7-134C-411D-8932-942F96D33CF3}.Debug|Any CPU.Build.0 = Debug|Any CPU
		{3046F1E7-134C-411D-8932-942F96D33CF3}.Release|Any CPU.ActiveCfg = Release|Any CPU
		{3046F1E7-134C-411D-8932-942F96D33CF3}.Release|Any CPU.Build.0 = Release|Any CPU
		{A41029DC-2855-4069-B9F1-32EA08BE511B}.Debug|Any CPU.ActiveCfg = Debug|Any CPU
		{A41029DC-2855-4069-B9F1-32EA08BE511B}.Debug|Any CPU.Build.0 = Debug|Any CPU
		{A41029DC-2855-4069-B9F1-32EA08BE511B}.Release|Any CPU.ActiveCfg = Release|Any CPU
		{A41029DC-2855-4069-B9F1-32EA08BE511B}.Release|Any CPU.Build.0 = Release|Any CPU
		{AB8BA0A7-B29F-4A36-8E78-7240F2FA11E2}.Debug|Any CPU.ActiveCfg = Debug|Any CPU
		{AB8BA0A7-B29F-4A36-8E78-7240F2FA11E2}.Debug|Any CPU.Build.0 = Debug|Any CPU
		{AB8BA0A7-B29F-4A36-8E78-7240F2FA11E2}.Release|Any CPU.ActiveCfg = Release|Any CPU
		{AB8BA0A7-B29F-4A36-8E78-7240F2FA11E2}.Release|Any CPU.Build.0 = Release|Any CPU
		{ACBBE5A9-7DBB-499E-83EA-1CB3B99975C1}.Debug|Any CPU.ActiveCfg = Debug|Any CPU
		{ACBBE5A9-7DBB-499E-83EA-1CB3B99975C1}.Debug|Any CPU.Build.0 = Debug|Any CPU
		{ACBBE5A9-7DBB-499E-83EA-1CB3B99975C1}.Release|Any CPU.ActiveCfg = Release|Any CPU
		{ACBBE5A9-7DBB-499E-83EA-1CB3B99975C1}.Release|Any CPU.Build.0 = Release|Any CPU
		{8E8DAF74-6CFD-4FA7-AA26-C7113C5A6141}.Debug|Any CPU.ActiveCfg = Debug|Any CPU
		{8E8DAF74-6CFD-4FA7-AA26-C7113C5A6141}.Debug|Any CPU.Build.0 = Debug|Any CPU
		{8E8DAF74-6CFD-4FA7-AA26-C7113C5A6141}.Release|Any CPU.ActiveCfg = Release|Any CPU
		{8E8DAF74-6CFD-4FA7-AA26-C7113C5A6141}.Release|Any CPU.Build.0 = Release|Any CPU
		{F709B043-D0CA-4D39-8F1E-F04AFB173F10}.Debug|Any CPU.ActiveCfg = Debug|Any CPU
		{F709B043-D0CA-4D39-8F1E-F04AFB173F10}.Debug|Any CPU.Build.0 = Debug|Any CPU
		{F709B043-D0CA-4D39-8F1E-F04AFB173F10}.Release|Any CPU.ActiveCfg = Release|Any CPU
		{F709B043-D0CA-4D39-8F1E-F04AFB173F10}.Release|Any CPU.Build.0 = Release|Any CPU
		{CB1CFEE0-949D-4F8F-A057-25D5003821D1}.Debug|Any CPU.ActiveCfg = Debug|Any CPU
		{CB1CFEE0-949D-4F8F-A057-25D5003821D1}.Debug|Any CPU.Build.0 = Debug|Any CPU
		{CB1CFEE0-949D-4F8F-A057-25D5003821D1}.Release|Any CPU.ActiveCfg = Release|Any CPU
		{CB1CFEE0-949D-4F8F-A057-25D5003821D1}.Release|Any CPU.Build.0 = Release|Any CPU
		{E89FCDA0-BD75-46D3-8B74-7B106740E763}.Debug|Any CPU.ActiveCfg = Debug|Any CPU
		{E89FCDA0-BD75-46D3-8B74-7B106740E763}.Debug|Any CPU.Build.0 = Debug|Any CPU
		{E89FCDA0-BD75-46D3-8B74-7B106740E763}.Release|Any CPU.ActiveCfg = Release|Any CPU
		{E89FCDA0-BD75-46D3-8B74-7B106740E763}.Release|Any CPU.Build.0 = Release|Any CPU
		{C26A69EF-1D63-4C08-BAB3-6DA7B3607F7B}.Debug|Any CPU.ActiveCfg = Debug|Any CPU
		{C26A69EF-1D63-4C08-BAB3-6DA7B3607F7B}.Debug|Any CPU.Build.0 = Debug|Any CPU
		{C26A69EF-1D63-4C08-BAB3-6DA7B3607F7B}.Release|Any CPU.ActiveCfg = Release|Any CPU
		{C26A69EF-1D63-4C08-BAB3-6DA7B3607F7B}.Release|Any CPU.Build.0 = Release|Any CPU
		{DF2B4A16-48E4-448E-B0D5-52CF07D8934C}.Debug|Any CPU.ActiveCfg = Debug|Any CPU
		{DF2B4A16-48E4-448E-B0D5-52CF07D8934C}.Debug|Any CPU.Build.0 = Debug|Any CPU
		{DF2B4A16-48E4-448E-B0D5-52CF07D8934C}.Release|Any CPU.ActiveCfg = Release|Any CPU
		{DF2B4A16-48E4-448E-B0D5-52CF07D8934C}.Release|Any CPU.Build.0 = Release|Any CPU
		{84C03862-CE6A-4C54-90AE-31CCD2C05A17}.Debug|Any CPU.ActiveCfg = Debug|Any CPU
		{84C03862-CE6A-4C54-90AE-31CCD2C05A17}.Debug|Any CPU.Build.0 = Debug|Any CPU
		{84C03862-CE6A-4C54-90AE-31CCD2C05A17}.Release|Any CPU.ActiveCfg = Release|Any CPU
		{84C03862-CE6A-4C54-90AE-31CCD2C05A17}.Release|Any CPU.Build.0 = Release|Any CPU
		{BC61CBC2-B1B8-4E07-AE99-CE49B06C2792}.Debug|Any CPU.ActiveCfg = Debug|Any CPU
		{BC61CBC2-B1B8-4E07-AE99-CE49B06C2792}.Debug|Any CPU.Build.0 = Debug|Any CPU
		{BC61CBC2-B1B8-4E07-AE99-CE49B06C2792}.Release|Any CPU.ActiveCfg = Release|Any CPU
		{BC61CBC2-B1B8-4E07-AE99-CE49B06C2792}.Release|Any CPU.Build.0 = Release|Any CPU
		{DE527C97-360A-4C90-8D57-7B662373A136}.Debug|Any CPU.ActiveCfg = Debug|Any CPU
		{DE527C97-360A-4C90-8D57-7B662373A136}.Debug|Any CPU.Build.0 = Debug|Any CPU
		{DE527C97-360A-4C90-8D57-7B662373A136}.Release|Any CPU.ActiveCfg = Release|Any CPU
		{DE527C97-360A-4C90-8D57-7B662373A136}.Release|Any CPU.Build.0 = Release|Any CPU
		{6FA55F42-D1BA-431C-B5C2-3EBB899230CE}.Debug|Any CPU.ActiveCfg = Debug|Any CPU
		{6FA55F42-D1BA-431C-B5C2-3EBB899230CE}.Debug|Any CPU.Build.0 = Debug|Any CPU
		{6FA55F42-D1BA-431C-B5C2-3EBB899230CE}.Release|Any CPU.ActiveCfg = Release|Any CPU
		{6FA55F42-D1BA-431C-B5C2-3EBB899230CE}.Release|Any CPU.Build.0 = Release|Any CPU
		{65442327-D01F-4ECB-8C39-6D5C7622A80F}.Debug|Any CPU.ActiveCfg = Debug|Any CPU
		{65442327-D01F-4ECB-8C39-6D5C7622A80F}.Debug|Any CPU.Build.0 = Debug|Any CPU
		{65442327-D01F-4ECB-8C39-6D5C7622A80F}.Release|Any CPU.ActiveCfg = Release|Any CPU
		{65442327-D01F-4ECB-8C39-6D5C7622A80F}.Release|Any CPU.Build.0 = Release|Any CPU
	EndGlobalSection
	GlobalSection(SolutionProperties) = preSolution
		HideSolutionNode = FALSE
	EndGlobalSection
EndGlobal
