
Microsoft Visual Studio Solution File, Format Version 11.00
# Visual Studio 2010
Project("{F184B08F-C81C-45F6-A57F-5ABD9991F28F}") = "IDTExtensibility2 - ClassicUI", "COMAddinClassicExample\IDTExtensibility2 - ClassicUI.vbproj", "{00DA9107-98EC-49F5-8D76-9C5F04809ABE}"
EndProject
Project("{F184B08F-C81C-45F6-A57F-5ABD9991F28F}") = "IDTExtensibility2 - RibbonUI", "COMAddinRibbonExample\IDTExtensibility2 - RibbonUI.vbproj", "{5C713DD1-D595-43DD-B543-6850802E9108}"
EndProject
Project("{F184B08F-C81C-45F6-A57F-5ABD9991F28F}") = "IDTExtensibility2 - Taskpane", "COMAddinTaskPaneExample\IDTExtensibility2 - Taskpane.vbproj", "{279224EB-C0E5-4CBD-BE1B-8B4ACD34E6DD}"
EndProject
Project("{F184B08F-C81C-45F6-A57F-5ABD9991F28F}") = "NetOffice Tools - Simple", "NetOffice Tools - Simple\NetOffice Tools - Simple.vbproj", "{F7826D0E-E1E1-4B6D-97A3-8A8D047EE822}"
EndProject
Project("{F184B08F-C81C-45F6-A57F-5ABD9991F28F}") = "NetOffice Tools - Extended", "NetOffice Tools - Extended\NetOffice Tools - Extended.vbproj", "{F69703CA-E42E-4E8C-A273-EFE1997F8440}"
EndProject
Global
	GlobalSection(SolutionConfigurationPlatforms) = preSolution
		Debug|Any CPU = Debug|Any CPU
		Release|Any CPU = Release|Any CPU
	EndGlobalSection
	GlobalSection(ProjectConfigurationPlatforms) = postSolution
		{00DA9107-98EC-49F5-8D76-9C5F04809ABE}.Debug|Any CPU.ActiveCfg = Debug|Any CPU
		{00DA9107-98EC-49F5-8D76-9C5F04809ABE}.Debug|Any CPU.Build.0 = Debug|Any CPU
		{00DA9107-98EC-49F5-8D76-9C5F04809ABE}.Release|Any CPU.ActiveCfg = Release|Any CPU
		{00DA9107-98EC-49F5-8D76-9C5F04809ABE}.Release|Any CPU.Build.0 = Release|Any CPU
		{5C713DD1-D595-43DD-B543-6850802E9108}.Debug|Any CPU.ActiveCfg = Debug|Any CPU
		{5C713DD1-D595-43DD-B543-6850802E9108}.Debug|Any CPU.Build.0 = Debug|Any CPU
		{5C713DD1-D595-43DD-B543-6850802E9108}.Release|Any CPU.ActiveCfg = Release|Any CPU
		{5C713DD1-D595-43DD-B543-6850802E9108}.Release|Any CPU.Build.0 = Release|Any CPU
		{279224EB-C0E5-4CBD-BE1B-8B4ACD34E6DD}.Debug|Any CPU.ActiveCfg = Debug|Any CPU
		{279224EB-C0E5-4CBD-BE1B-8B4ACD34E6DD}.Debug|Any CPU.Build.0 = Debug|Any CPU
		{279224EB-C0E5-4CBD-BE1B-8B4ACD34E6DD}.Release|Any CPU.ActiveCfg = Release|Any CPU
		{279224EB-C0E5-4CBD-BE1B-8B4ACD34E6DD}.Release|Any CPU.Build.0 = Release|Any CPU
		{F7826D0E-E1E1-4B6D-97A3-8A8D047EE822}.Debug|Any CPU.ActiveCfg = Debug|Any CPU
		{F7826D0E-E1E1-4B6D-97A3-8A8D047EE822}.Debug|Any CPU.Build.0 = Debug|Any CPU
		{F7826D0E-E1E1-4B6D-97A3-8A8D047EE822}.Release|Any CPU.ActiveCfg = Release|Any CPU
		{F7826D0E-E1E1-4B6D-97A3-8A8D047EE822}.Release|Any CPU.Build.0 = Release|Any CPU
		{F69703CA-E42E-4E8C-A273-EFE1997F8440}.Debug|Any CPU.ActiveCfg = Debug|Any CPU
		{F69703CA-E42E-4E8C-A273-EFE1997F8440}.Debug|Any CPU.Build.0 = Debug|Any CPU
		{F69703CA-E42E-4E8C-A273-EFE1997F8440}.Release|Any CPU.ActiveCfg = Release|Any CPU
		{F69703CA-E42E-4E8C-A273-EFE1997F8440}.Release|Any CPU.Build.0 = Release|Any CPU
	EndGlobalSection
	GlobalSection(SolutionProperties) = preSolution
		HideSolutionNode = FALSE
	EndGlobalSection
EndGlobal
