
Microsoft Visual Studio Solution File, Format Version 12.00
# Visual Studio 15
VisualStudioVersion = 15.0.27428.2002
MinimumVisualStudioVersion = 10.0.40219.1
Project("{FAE04EC0-301F-11D3-BF4B-00C04F79EFBC}") = "UnhookEvents", "UnhookEvents\UnhookEvents.csproj", "{12DC2C71-FB84-4556-83C9-80AC0B051D45}"
EndProject
Global
	GlobalSection(SolutionConfigurationPlatforms) = preSolution
		Debug|Any CPU = Debug|Any CPU
		Release|Any CPU = Release|Any CPU
	EndGlobalSection
	GlobalSection(ProjectConfigurationPlatforms) = postSolution
		{12DC2C71-FB84-4556-83C9-80AC0B051D45}.Debug|Any CPU.ActiveCfg = Debug|Any CPU
		{12DC2C71-FB84-4556-83C9-80AC0B051D45}.Debug|Any CPU.Build.0 = Debug|Any CPU
		{12DC2C71-FB84-4556-83C9-80AC0B051D45}.Release|Any CPU.ActiveCfg = Release|Any CPU
		{12DC2C71-FB84-4556-83C9-80AC0B051D45}.Release|Any CPU.Build.0 = Release|Any CPU
	EndGlobalSection
	GlobalSection(SolutionProperties) = preSolution
		HideSolutionNode = FALSE
	EndGlobalSection
	GlobalSection(ExtensibilityGlobals) = postSolution
		SolutionGuid = {5EA2CC4F-0071-49CF-AB8C-481C584AE63D}
	EndGlobalSection
EndGlobal
