
Microsoft Visual Studio Solution File, Format Version 11.00
# Visual Studio 2010
Project("{FAE04EC0-301F-11D3-BF4B-00C04F79EFBC}") = "SourceUpdater", "SourceUpdater\SourceUpdater.csproj", "{FE3B95E3-990A-4F82-92D5-6C26046C3EC2}"
EndProject
Global
	GlobalSection(SolutionConfigurationPlatforms) = preSolution
		Debug|Any CPU = Debug|Any CPU
		Release|Any CPU = Release|Any CPU
	EndGlobalSection
	GlobalSection(ProjectConfigurationPlatforms) = postSolution
		{FE3B95E3-990A-4F82-92D5-6C26046C3EC2}.Debug|Any CPU.ActiveCfg = Debug|Any CPU
		{FE3B95E3-990A-4F82-92D5-6C26046C3EC2}.Debug|Any CPU.Build.0 = Debug|Any CPU
		{FE3B95E3-990A-4F82-92D5-6C26046C3EC2}.Release|Any CPU.ActiveCfg = Release|Any CPU
		{FE3B95E3-990A-4F82-92D5-6C26046C3EC2}.Release|Any CPU.Build.0 = Release|Any CPU
	EndGlobalSection
	GlobalSection(SolutionProperties) = preSolution
		HideSolutionNode = FALSE
	EndGlobalSection
EndGlobal
