
Microsoft Visual Studio Solution File, Format Version 11.00
# Visual Studio 14
VisualStudioVersion = 14.0.25420.1
MinimumVisualStudioVersion = 10.0.40219.1
Project("{FAE04EC0-301F-11D3-BF4B-00C04F79EFBC}") = "02 Ribbons and Panes", "02 Ribbons And Panes\02 Ribbons and Panes.csproj", "{372327EE-02AD-435D-AB29-5699137F41E6}"
EndProject
Project("{FAE04EC0-301F-11D3-BF4B-00C04F79EFBC}") = "03 Troubleshooting and Diagnostics", "03 Troubleshooting and Diagnostics\03 Troubleshooting and Diagnostics.csproj", "{407204E3-769B-416E-92D8-F82B65EB4CB2}"
EndProject
Project("{FAE04EC0-301F-11D3-BF4B-00C04F79EFBC}") = "01 Simple", "01 Simple\01 Simple.csproj", "{B3381587-3EA0-48D3-8BB9-5EDF2822678B}"
EndProject
Project("{FAE04EC0-301F-11D3-BF4B-00C04F79EFBC}") = "04 Register and Unregister", "04 Register and Unregister\04 Register and Unregister.csproj", "{F7879329-DDE9-49E5-A6A5-FE5619BB9B11}"
EndProject
Global
	GlobalSection(SolutionConfigurationPlatforms) = preSolution
		Debug|Any CPU = Debug|Any CPU
		Release|Any CPU = Release|Any CPU
	EndGlobalSection
	GlobalSection(ProjectConfigurationPlatforms) = postSolution
		{372327EE-02AD-435D-AB29-5699137F41E6}.Debug|Any CPU.ActiveCfg = Debug|Any CPU
		{372327EE-02AD-435D-AB29-5699137F41E6}.Debug|Any CPU.Build.0 = Debug|Any CPU
		{372327EE-02AD-435D-AB29-5699137F41E6}.Release|Any CPU.ActiveCfg = Release|Any CPU
		{372327EE-02AD-435D-AB29-5699137F41E6}.Release|Any CPU.Build.0 = Release|Any CPU
		{407204E3-769B-416E-92D8-F82B65EB4CB2}.Debug|Any CPU.ActiveCfg = Debug|Any CPU
		{407204E3-769B-416E-92D8-F82B65EB4CB2}.Debug|Any CPU.Build.0 = Debug|Any CPU
		{407204E3-769B-416E-92D8-F82B65EB4CB2}.Release|Any CPU.ActiveCfg = Release|Any CPU
		{407204E3-769B-416E-92D8-F82B65EB4CB2}.Release|Any CPU.Build.0 = Release|Any CPU
		{B3381587-3EA0-48D3-8BB9-5EDF2822678B}.Debug|Any CPU.ActiveCfg = Debug|Any CPU
		{B3381587-3EA0-48D3-8BB9-5EDF2822678B}.Debug|Any CPU.Build.0 = Debug|Any CPU
		{B3381587-3EA0-48D3-8BB9-5EDF2822678B}.Release|Any CPU.ActiveCfg = Release|Any CPU
		{B3381587-3EA0-48D3-8BB9-5EDF2822678B}.Release|Any CPU.Build.0 = Release|Any CPU
		{F7879329-DDE9-49E5-A6A5-FE5619BB9B11}.Debug|Any CPU.ActiveCfg = Debug|Any CPU
		{F7879329-DDE9-49E5-A6A5-FE5619BB9B11}.Debug|Any CPU.Build.0 = Debug|Any CPU
		{F7879329-DDE9-49E5-A6A5-FE5619BB9B11}.Release|Any CPU.ActiveCfg = Release|Any CPU
		{F7879329-DDE9-49E5-A6A5-FE5619BB9B11}.Release|Any CPU.Build.0 = Release|Any CPU
	EndGlobalSection
	GlobalSection(SolutionProperties) = preSolution
		HideSolutionNode = FALSE
	EndGlobalSection
EndGlobal
