
Microsoft Visual Studio Solution File, Format Version 11.00
# Visual Studio 2010
Project("{FAE04EC0-301F-11D3-BF4B-00C04F79EFBC}") = "NetOffice.ProjectWizard", "ProjectWizard\NetOffice.ProjectWizard.csproj", "{66D28247-E898-459B-9FEF-74A8BF585E92}"
EndProject
Project("{54435603-DBB4-11D2-8724-00A0C9A8B90C}") = "NetOffice Project Wizard Setup", "NetOffice Project Wizard Setup\NetOffice Project Wizard Setup.vdproj", "{FC9D58E9-A312-42C6-96D2-C900DBAA3E87}"
EndProject
Global
	GlobalSection(SolutionConfigurationPlatforms) = preSolution
		Debug|Any CPU = Debug|Any CPU
		Release|Any CPU = Release|Any CPU
	EndGlobalSection
	GlobalSection(ProjectConfigurationPlatforms) = postSolution
		{66D28247-E898-459B-9FEF-74A8BF585E92}.Debug|Any CPU.ActiveCfg = Debug|Any CPU
		{66D28247-E898-459B-9FEF-74A8BF585E92}.Debug|Any CPU.Build.0 = Debug|Any CPU
		{66D28247-E898-459B-9FEF-74A8BF585E92}.Release|Any CPU.ActiveCfg = Release|Any CPU
		{66D28247-E898-459B-9FEF-74A8BF585E92}.Release|Any CPU.Build.0 = Release|Any CPU
		{FC9D58E9-A312-42C6-96D2-C900DBAA3E87}.Debug|Any CPU.ActiveCfg = Debug
		{FC9D58E9-A312-42C6-96D2-C900DBAA3E87}.Release|Any CPU.ActiveCfg = Release
	EndGlobalSection
	GlobalSection(SolutionProperties) = preSolution
		HideSolutionNode = FALSE
	EndGlobalSection
EndGlobal
