
Microsoft Visual Studio Solution File, Format Version 11.00
# Visual Studio 2010
Project("{FAE04EC0-301F-11D3-BF4B-00C04F79EFBC}") = "COMAddinClassicExample", "COMAddinClassicExample\COMAddinClassicExample.csproj", "{E8CAA9A6-DF1F-4C93-8075-28F705369EA8}"
EndProject
Project("{FAE04EC0-301F-11D3-BF4B-00C04F79EFBC}") = "COMAddinRibbonExample", "COMAddinRibbonExample\COMAddinRibbonExample.csproj", "{9ADAAB8C-1785-4956-B210-08E592674E63}"
EndProject
Project("{FAE04EC0-301F-11D3-BF4B-00C04F79EFBC}") = "COMAddinTaskPaneExample", "COMAddinTaskPaneExample\COMAddinTaskPaneExample.csproj", "{648931C1-6AAD-4483-A33D-D1D4DF79FC16}"
EndProject
Global
	GlobalSection(SolutionConfigurationPlatforms) = preSolution
		Debug|Any CPU = Debug|Any CPU
		Release|Any CPU = Release|Any CPU
	EndGlobalSection
	GlobalSection(ProjectConfigurationPlatforms) = postSolution
		{E8CAA9A6-DF1F-4C93-8075-28F705369EA8}.Debug|Any CPU.ActiveCfg = Debug|Any CPU
		{E8CAA9A6-DF1F-4C93-8075-28F705369EA8}.Debug|Any CPU.Build.0 = Debug|Any CPU
		{E8CAA9A6-DF1F-4C93-8075-28F705369EA8}.Release|Any CPU.ActiveCfg = Release|Any CPU
		{E8CAA9A6-DF1F-4C93-8075-28F705369EA8}.Release|Any CPU.Build.0 = Release|Any CPU
		{9ADAAB8C-1785-4956-B210-08E592674E63}.Debug|Any CPU.ActiveCfg = Debug|Any CPU
		{9ADAAB8C-1785-4956-B210-08E592674E63}.Debug|Any CPU.Build.0 = Debug|Any CPU
		{9ADAAB8C-1785-4956-B210-08E592674E63}.Release|Any CPU.ActiveCfg = Release|Any CPU
		{9ADAAB8C-1785-4956-B210-08E592674E63}.Release|Any CPU.Build.0 = Release|Any CPU
		{648931C1-6AAD-4483-A33D-D1D4DF79FC16}.Debug|Any CPU.ActiveCfg = Debug|Any CPU
		{648931C1-6AAD-4483-A33D-D1D4DF79FC16}.Debug|Any CPU.Build.0 = Debug|Any CPU
		{648931C1-6AAD-4483-A33D-D1D4DF79FC16}.Release|Any CPU.ActiveCfg = Release|Any CPU
		{648931C1-6AAD-4483-A33D-D1D4DF79FC16}.Release|Any CPU.Build.0 = Release|Any CPU
	EndGlobalSection
	GlobalSection(SolutionProperties) = preSolution
		HideSolutionNode = FALSE
	EndGlobalSection
EndGlobal
