
Microsoft Visual Studio Solution File, Format Version 11.00
# Visual Basic Express 2010
Project("{F184B08F-C81C-45F6-A57F-5ABD9991F28F}") = "COMAddinClassicExample", "COMAddinClassicExample\COMAddinClassicExample.vbproj", "{00DA9107-98EC-49F5-8D76-9C5F04809ABE}"
EndProject
Project("{F184B08F-C81C-45F6-A57F-5ABD9991F28F}") = "COMAddinRibbonExample", "COMAddinRibbonExample\COMAddinRibbonExample.vbproj", "{5C713DD1-D595-43DD-B543-6850802E9108}"
EndProject
Project("{F184B08F-C81C-45F6-A57F-5ABD9991F28F}") = "Example01", "Example01\Example01.vbproj", "{FFD034AF-05FF-429C-BADC-2C32BEE0B5D0}"
EndProject
Project("{F184B08F-C81C-45F6-A57F-5ABD9991F28F}") = "Example02", "Example02\Example02.vbproj", "{5E36C013-EC7E-42B2-8066-6484D603F77A}"
EndProject
Project("{F184B08F-C81C-45F6-A57F-5ABD9991F28F}") = "Example03", "Example03\Example03.vbproj", "{5079322D-4F27-458B-9409-B38625CF7C5F}"
EndProject
Project("{F184B08F-C81C-45F6-A57F-5ABD9991F28F}") = "Example04", "Example04\Example04.vbproj", "{F7F94650-8DBC-450D-979C-61C85F6A2EF3}"
EndProject
Project("{F184B08F-C81C-45F6-A57F-5ABD9991F28F}") = "Example05", "Example05\Example05.vbproj", "{4056CCC4-8C92-44A6-94EE-42A4E7125D0E}"
EndProject
Project("{F184B08F-C81C-45F6-A57F-5ABD9991F28F}") = "Example06", "Example06\Example06.vbproj", "{588CC5E0-0176-4409-A2AB-E02FAEEC8E61}"
EndProject
Project("{F184B08F-C81C-45F6-A57F-5ABD9991F28F}") = "Example07", "Example07\Example07.vbproj", "{57986F7B-60DA-4784-BB62-301BE1F2D2EE}"
EndProject
Global
	GlobalSection(SolutionConfigurationPlatforms) = preSolution
		Debug|Any CPU = Debug|Any CPU
		Release|Any CPU = Release|Any CPU
	EndGlobalSection
	GlobalSection(ProjectConfigurationPlatforms) = postSolution
		{00DA9107-98EC-49F5-8D76-9C5F04809ABE}.Debug|Any CPU.ActiveCfg = Debug|Any CPU
		{00DA9107-98EC-49F5-8D76-9C5F04809ABE}.Debug|Any CPU.Build.0 = Debug|Any CPU
		{00DA9107-98EC-49F5-8D76-9C5F04809ABE}.Release|Any CPU.ActiveCfg = Release|Any CPU
		{00DA9107-98EC-49F5-8D76-9C5F04809ABE}.Release|Any CPU.Build.0 = Release|Any CPU
		{5C713DD1-D595-43DD-B543-6850802E9108}.Debug|Any CPU.ActiveCfg = Debug|Any CPU
		{5C713DD1-D595-43DD-B543-6850802E9108}.Debug|Any CPU.Build.0 = Debug|Any CPU
		{5C713DD1-D595-43DD-B543-6850802E9108}.Release|Any CPU.ActiveCfg = Release|Any CPU
		{5C713DD1-D595-43DD-B543-6850802E9108}.Release|Any CPU.Build.0 = Release|Any CPU
		{FFD034AF-05FF-429C-BADC-2C32BEE0B5D0}.Debug|Any CPU.ActiveCfg = Debug|Any CPU
		{FFD034AF-05FF-429C-BADC-2C32BEE0B5D0}.Debug|Any CPU.Build.0 = Debug|Any CPU
		{FFD034AF-05FF-429C-BADC-2C32BEE0B5D0}.Release|Any CPU.ActiveCfg = Release|Any CPU
		{FFD034AF-05FF-429C-BADC-2C32BEE0B5D0}.Release|Any CPU.Build.0 = Release|Any CPU
		{5E36C013-EC7E-42B2-8066-6484D603F77A}.Debug|Any CPU.ActiveCfg = Debug|Any CPU
		{5E36C013-EC7E-42B2-8066-6484D603F77A}.Debug|Any CPU.Build.0 = Debug|Any CPU
		{5E36C013-EC7E-42B2-8066-6484D603F77A}.Release|Any CPU.ActiveCfg = Release|Any CPU
		{5E36C013-EC7E-42B2-8066-6484D603F77A}.Release|Any CPU.Build.0 = Release|Any CPU
		{5079322D-4F27-458B-9409-B38625CF7C5F}.Debug|Any CPU.ActiveCfg = Debug|Any CPU
		{5079322D-4F27-458B-9409-B38625CF7C5F}.Debug|Any CPU.Build.0 = Debug|Any CPU
		{5079322D-4F27-458B-9409-B38625CF7C5F}.Release|Any CPU.ActiveCfg = Release|Any CPU
		{5079322D-4F27-458B-9409-B38625CF7C5F}.Release|Any CPU.Build.0 = Release|Any CPU
		{F7F94650-8DBC-450D-979C-61C85F6A2EF3}.Debug|Any CPU.ActiveCfg = Debug|Any CPU
		{F7F94650-8DBC-450D-979C-61C85F6A2EF3}.Debug|Any CPU.Build.0 = Debug|Any CPU
		{F7F94650-8DBC-450D-979C-61C85F6A2EF3}.Release|Any CPU.ActiveCfg = Release|Any CPU
		{F7F94650-8DBC-450D-979C-61C85F6A2EF3}.Release|Any CPU.Build.0 = Release|Any CPU
		{4056CCC4-8C92-44A6-94EE-42A4E7125D0E}.Debug|Any CPU.ActiveCfg = Debug|Any CPU
		{4056CCC4-8C92-44A6-94EE-42A4E7125D0E}.Debug|Any CPU.Build.0 = Debug|Any CPU
		{4056CCC4-8C92-44A6-94EE-42A4E7125D0E}.Release|Any CPU.ActiveCfg = Release|Any CPU
		{4056CCC4-8C92-44A6-94EE-42A4E7125D0E}.Release|Any CPU.Build.0 = Release|Any CPU
		{588CC5E0-0176-4409-A2AB-E02FAEEC8E61}.Debug|Any CPU.ActiveCfg = Debug|Any CPU
		{588CC5E0-0176-4409-A2AB-E02FAEEC8E61}.Debug|Any CPU.Build.0 = Debug|Any CPU
		{588CC5E0-0176-4409-A2AB-E02FAEEC8E61}.Release|Any CPU.ActiveCfg = Release|Any CPU
		{588CC5E0-0176-4409-A2AB-E02FAEEC8E61}.Release|Any CPU.Build.0 = Release|Any CPU
		{57986F7B-60DA-4784-BB62-301BE1F2D2EE}.Debug|Any CPU.ActiveCfg = Debug|Any CPU
		{57986F7B-60DA-4784-BB62-301BE1F2D2EE}.Debug|Any CPU.Build.0 = Debug|Any CPU
		{57986F7B-60DA-4784-BB62-301BE1F2D2EE}.Release|Any CPU.ActiveCfg = Release|Any CPU
		{57986F7B-60DA-4784-BB62-301BE1F2D2EE}.Release|Any CPU.Build.0 = Release|Any CPU
	EndGlobalSection
	GlobalSection(SolutionProperties) = preSolution
		HideSolutionNode = FALSE
	EndGlobalSection
EndGlobal
