
Microsoft Visual Studio Solution File, Format Version 11.00
# Visual Basic Express 2010
Project("{F184B08F-C81C-45F6-A57F-5ABD9991F28F}") = "AskForMethodSupportAtRuntime", "AskForMethodSupportAtRuntime\AskForMethodSupportAtRuntime.vbproj", "{ED282708-CA85-4E13-B5EC-581DBFF9F6ED}"
EndProject
Global
	GlobalSection(SolutionConfigurationPlatforms) = preSolution
		Debug|Any CPU = Debug|Any CPU
		Release|Any CPU = Release|Any CPU
	EndGlobalSection
	GlobalSection(ProjectConfigurationPlatforms) = postSolution
		{ED282708-CA85-4E13-B5EC-581DBFF9F6ED}.Debug|Any CPU.ActiveCfg = Debug|Any CPU
		{ED282708-CA85-4E13-B5EC-581DBFF9F6ED}.Debug|Any CPU.Build.0 = Debug|Any CPU
		{ED282708-CA85-4E13-B5EC-581DBFF9F6ED}.Release|Any CPU.ActiveCfg = Release|Any CPU
		{ED282708-CA85-4E13-B5EC-581DBFF9F6ED}.Release|Any CPU.Build.0 = Release|Any CPU
	EndGlobalSection
	GlobalSection(SolutionProperties) = preSolution
		HideSolutionNode = FALSE
	EndGlobalSection
EndGlobal
