
Microsoft Visual Studio Solution File, Format Version 11.00
# Visual Studio 14
VisualStudioVersion = 14.0.25420.1
MinimumVisualStudioVersion = 10.0.40219.1
Project("{F184B08F-C81C-45F6-A57F-5ABD9991F28F}") = "NetOfficeTools - SuperAddin", "SuperAddin\NetOfficeTools - SuperAddin.vbproj", "{4E767FCB-9678-4362-9503-A5C38E42D447}"
EndProject
Global
	GlobalSection(SolutionConfigurationPlatforms) = preSolution
		Debug|Any CPU = Debug|Any CPU
		Release|Any CPU = Release|Any CPU
	EndGlobalSection
	GlobalSection(ProjectConfigurationPlatforms) = postSolution
		{4E767FCB-9678-4362-9503-A5C38E42D447}.Debug|Any CPU.ActiveCfg = Debug|Any CPU
		{4E767FCB-9678-4362-9503-A5C38E42D447}.Debug|Any CPU.Build.0 = Debug|Any CPU
		{4E767FCB-9678-4362-9503-A5C38E42D447}.Release|Any CPU.ActiveCfg = Release|Any CPU
		{4E767FCB-9678-4362-9503-A5C38E42D447}.Release|Any CPU.Build.0 = Release|Any CPU
	EndGlobalSection
	GlobalSection(SolutionProperties) = preSolution
		HideSolutionNode = FALSE
	EndGlobalSection
EndGlobal
