<?xml version="1.0" encoding="utf-8"?>
<Project ToolsVersion="4.0" xmlns="http://schemas.microsoft.com/developer/msbuild/2003">
  <ItemGroup>
    <Filter Include="Source Files">
      <UniqueIdentifier>{4FC737F1-C7A5-4376-A066-2A32D752A2FF}</UniqueIdentifier>
      <Extensions>cpp;c;cc;cxx;def;odl;idl;hpj;bat;asm;asmx</Extensions>
    </Filter>
    <Filter Include="Header Files">
      <UniqueIdentifier>{93995380-89BD-4b04-88EB-625FBE52EBFB}</UniqueIdentifier>
      <Extensions>h;hh;hpp;hxx;hm;inl;inc;ipp;xsd</Extensions>
    </Filter>
    <Filter Include="Resource Files">
      <UniqueIdentifier>{67DA6AB6-F800-4c08-8B7A-83BB121AAD01}</UniqueIdentifier>
      <Extensions>rc;ico;cur;bmp;dlg;rc2;rct;bin;rgs;gif;jpg;jpeg;jpe;resx;tiff;tif;png;wav;mfcribbon-ms</Extensions>
    </Filter>
    <Filter Include="Interop Header Files">
      <UniqueIdentifier>{d3dfce21-2c0a-4f33-9a7a-e2fa78017d4c}</UniqueIdentifier>
    </Filter>
  </ItemGroup>
  <ItemGroup>
    <ClInclude Include="stdafx.h">
      <Filter>Header Files</Filter>
    </ClInclude>
    <ClInclude Include="targetver.h">
      <Filter>Header Files</Filter>
    </ClInclude>
    <ClInclude Include="ShimProxy.h">
      <Filter>Header Files</Filter>
    </ClInclude>
    <ClInclude Include="ShimProxyFactory.h">
      <Filter>Header Files</Filter>
    </ClInclude>
    <ClInclude Include="DllRegister.h">
      <Filter>Header Files</Filter>
    </ClInclude>
    <ClInclude Include="Vars.hpp">
      <Filter>Header Files</Filter>
    </ClInclude>
    <ClInclude Include="Aggregators.h">
      <Filter>Header Files</Filter>
    </ClInclude>
    <ClInclude Include="OuterComAggregator.h">
      <Filter>Header Files</Filter>
    </ClInclude>
    <ClInclude Include="ManagedAddin.h">
      <Filter>Header Files</Filter>
    </ClInclude>
    <ClInclude Include="IRibbonExtensibility.h">
      <Filter>Interop Header Files</Filter>
    </ClInclude>
    <ClInclude Include="Extensibility2.h">
      <Filter>Interop Header Files</Filter>
    </ClInclude>
    <ClInclude Include="ICTPFactory.h">
      <Filter>Interop Header Files</Filter>
    </ClInclude>
    <ClInclude Include="ClrHost.h">
      <Filter>Header Files</Filter>
    </ClInclude>
    <ClInclude Include="ShimArguments.h">
      <Filter>Header Files</Filter>
    </ClInclude>
  </ItemGroup>
  <ItemGroup>
    <ClCompile Include="stdafx.cpp">
      <Filter>Source Files</Filter>
    </ClCompile>
    <ClCompile Include="DllMain.cpp">
      <Filter>Source Files</Filter>
    </ClCompile>
    <ClCompile Include="ShimProxy.cpp">
      <Filter>Source Files</Filter>
    </ClCompile>
    <ClCompile Include="ShimProxyFactory.cpp">
      <Filter>Source Files</Filter>
    </ClCompile>
    <ClCompile Include="DllRegister.cpp">
      <Filter>Source Files</Filter>
    </ClCompile>
    <ClCompile Include="OuterComAggregator.cpp">
      <Filter>Source Files</Filter>
    </ClCompile>
    <ClCompile Include="ManagedAddin.cpp">
      <Filter>Source Files</Filter>
    </ClCompile>
    <ClCompile Include="ClrHost.cpp">
      <Filter>Source Files</Filter>
    </ClCompile>
    <ClCompile Include="ShimArguments.cpp">
      <Filter>Source Files</Filter>
    </ClCompile>
  </ItemGroup>
  <ItemGroup>
    <None Include="ShimLoader.def">
      <Filter>Source Files</Filter>
    </None>
  </ItemGroup>
  <ItemGroup>
    <ResourceCompile Include="ShimLoader.rc">
      <Filter>Resource Files</Filter>
    </ResourceCompile>
  </ItemGroup>
</Project>