
Microsoft Visual Studio Solution File, Format Version 12.00
# Visual Studio Version 17
VisualStudioVersion = 17.8.34525.116
MinimumVisualStudioVersion = 10.0.40219.1
Project("{FAE04EC0-301F-11D3-BF4B-00C04F79EFBC}") = "Tutorials", "Tutorials\Tutorials.csproj", "{C7C8CFA5-36B5-42CA-83C3-15850F255072}"
EndProject
Project("{FAE04EC0-301F-11D3-BF4B-00C04F79EFBC}") = "TutorialsBase", "TutorialsBase\TutorialsBase.csproj", "{0D84E472-2F2B-490E-927A-0BDD751D6362}"
EndProject
Global
	GlobalSection(SolutionConfigurationPlatforms) = preSolution
		Debug|Any CPU = Debug|Any CPU
		Debug|x86 = Debug|x86
		Release|Any CPU = Release|Any CPU
		Release|x86 = Release|x86
	EndGlobalSection
	GlobalSection(ProjectConfigurationPlatforms) = postSolution
		{C7C8CFA5-36B5-42CA-83C3-15850F255072}.Debug|Any CPU.ActiveCfg = Debug|Any CPU
		{C7C8CFA5-36B5-42CA-83C3-15850F255072}.Debug|Any CPU.Build.0 = Debug|Any CPU
		{C7C8CFA5-36B5-42CA-83C3-15850F255072}.Debug|x86.ActiveCfg = Debug|x86
		{C7C8CFA5-36B5-42CA-83C3-15850F255072}.Debug|x86.Build.0 = Debug|x86
		{C7C8CFA5-36B5-42CA-83C3-15850F255072}.Release|Any CPU.ActiveCfg = Release|Any CPU
		{C7C8CFA5-36B5-42CA-83C3-15850F255072}.Release|Any CPU.Build.0 = Release|Any CPU
		{C7C8CFA5-36B5-42CA-83C3-15850F255072}.Release|x86.ActiveCfg = Release|x86
		{C7C8CFA5-36B5-42CA-83C3-15850F255072}.Release|x86.Build.0 = Release|x86
		{0D84E472-2F2B-490E-927A-0BDD751D6362}.Debug|Any CPU.ActiveCfg = Debug|Any CPU
		{0D84E472-2F2B-490E-927A-0BDD751D6362}.Debug|Any CPU.Build.0 = Debug|Any CPU
		{0D84E472-2F2B-490E-927A-0BDD751D6362}.Debug|x86.ActiveCfg = Debug|Any CPU
		{0D84E472-2F2B-490E-927A-0BDD751D6362}.Debug|x86.Build.0 = Debug|Any CPU
		{0D84E472-2F2B-490E-927A-0BDD751D6362}.Release|Any CPU.ActiveCfg = Release|Any CPU
		{0D84E472-2F2B-490E-927A-0BDD751D6362}.Release|Any CPU.Build.0 = Release|Any CPU
		{0D84E472-2F2B-490E-927A-0BDD751D6362}.Release|x86.ActiveCfg = Release|Any CPU
		{0D84E472-2F2B-490E-927A-0BDD751D6362}.Release|x86.Build.0 = Release|Any CPU
	EndGlobalSection
	GlobalSection(SolutionProperties) = preSolution
		HideSolutionNode = FALSE
	EndGlobalSection
EndGlobal
