
Microsoft Visual Studio Solution File, Format Version 11.00
# Visual Studio 2010
Project("{FAE04EC0-301F-11D3-BF4B-00C04F79EFBC}") = "IDTExtensibility2 - RibbonUI", "COMAddinRibbonExample\IDTExtensibility2 - RibbonUI.csproj", "{1A259140-8F78-4553-A159-7FB17675E91C}"
EndProject
Project("{FAE04EC0-301F-11D3-BF4B-00C04F79EFBC}") = "IDTExtensibility2 - ClassicUI", "COMAddinClassicExample\IDTExtensibility2 - ClassicUI.csproj", "{4EF7E632-255A-48D0-8F58-78EE798405A4}"
EndProject
Project("{FAE04EC0-301F-11D3-BF4B-00C04F79EFBC}") = "IDTExtensibility2 - Taskpane", "COMAddinTaskPaneExample\IDTExtensibility2 - Taskpane.csproj", "{6BCE560D-D455-4265-A939-046C1FDEBC6A}"
EndProject
Project("{FAE04EC0-301F-11D3-BF4B-00C04F79EFBC}") = "NetOffice Tools - Simple", "NetOffice Tools - Simple\NetOffice Tools - Simple.csproj", "{A74A19CE-B592-4484-A432-1D7CEB458920}"
EndProject
Project("{FAE04EC0-301F-11D3-BF4B-00C04F79EFBC}") = "NetOffice Tools - Extended", "NetOffice Tools - Extended\NetOffice Tools - Extended.csproj", "{A61EB8BC-556D-48F7-8A64-35D8B447D311}"
EndProject
Global
	GlobalSection(SolutionConfigurationPlatforms) = preSolution
		Debug|Any CPU = Debug|Any CPU
		Release|Any CPU = Release|Any CPU
	EndGlobalSection
	GlobalSection(ProjectConfigurationPlatforms) = postSolution
		{1A259140-8F78-4553-A159-7FB17675E91C}.Debug|Any CPU.ActiveCfg = Debug|Any CPU
		{1A259140-8F78-4553-A159-7FB17675E91C}.Debug|Any CPU.Build.0 = Debug|Any CPU
		{1A259140-8F78-4553-A159-7FB17675E91C}.Release|Any CPU.ActiveCfg = Release|Any CPU
		{1A259140-8F78-4553-A159-7FB17675E91C}.Release|Any CPU.Build.0 = Release|Any CPU
		{4EF7E632-255A-48D0-8F58-78EE798405A4}.Debug|Any CPU.ActiveCfg = Debug|Any CPU
		{4EF7E632-255A-48D0-8F58-78EE798405A4}.Debug|Any CPU.Build.0 = Debug|Any CPU
		{4EF7E632-255A-48D0-8F58-78EE798405A4}.Release|Any CPU.ActiveCfg = Release|Any CPU
		{4EF7E632-255A-48D0-8F58-78EE798405A4}.Release|Any CPU.Build.0 = Release|Any CPU
		{6BCE560D-D455-4265-A939-046C1FDEBC6A}.Debug|Any CPU.ActiveCfg = Debug|Any CPU
		{6BCE560D-D455-4265-A939-046C1FDEBC6A}.Debug|Any CPU.Build.0 = Debug|Any CPU
		{6BCE560D-D455-4265-A939-046C1FDEBC6A}.Release|Any CPU.ActiveCfg = Release|Any CPU
		{6BCE560D-D455-4265-A939-046C1FDEBC6A}.Release|Any CPU.Build.0 = Release|Any CPU
		{A74A19CE-B592-4484-A432-1D7CEB458920}.Debug|Any CPU.ActiveCfg = Debug|Any CPU
		{A74A19CE-B592-4484-A432-1D7CEB458920}.Debug|Any CPU.Build.0 = Debug|Any CPU
		{A74A19CE-B592-4484-A432-1D7CEB458920}.Release|Any CPU.ActiveCfg = Release|Any CPU
		{A74A19CE-B592-4484-A432-1D7CEB458920}.Release|Any CPU.Build.0 = Release|Any CPU
		{A61EB8BC-556D-48F7-8A64-35D8B447D311}.Debug|Any CPU.ActiveCfg = Debug|Any CPU
		{A61EB8BC-556D-48F7-8A64-35D8B447D311}.Debug|Any CPU.Build.0 = Debug|Any CPU
		{A61EB8BC-556D-48F7-8A64-35D8B447D311}.Release|Any CPU.ActiveCfg = Release|Any CPU
		{A61EB8BC-556D-48F7-8A64-35D8B447D311}.Release|Any CPU.Build.0 = Release|Any CPU
	EndGlobalSection
	GlobalSection(SolutionProperties) = preSolution
		HideSolutionNode = FALSE
	EndGlobalSection
EndGlobal
