
Microsoft Visual Studio Solution File, Format Version 12.00
# Visual Studio Version 17
VisualStudioVersion = 17.0.31903.59
MinimumVisualStudioVersion = 10.0.40219.1
Project("{2150E333-8FDC-42A3-9474-1A3956D46DE8}") = "src", "src", "{827E0CD3-B72D-47B6-A68D-7590B98EB39B}"
EndProject
Project("{FAE04EC0-301F-11D3-BF4B-00C04F79EFBC}") = "NetOffice.CodeGen.Data", "src\NetOffice.CodeGen.Data\NetOffice.CodeGen.Data.csproj", "{9D681BBA-591D-46D2-A1C6-F30431BC34D3}"
EndProject
Project("{FAE04EC0-301F-11D3-BF4B-00C04F79EFBC}") = "NetOffice.CodeGen.TypeLib", "src\NetOffice.CodeGen.TypeLib\NetOffice.CodeGen.TypeLib.csproj", "{B39103C0-1DFB-43C7-A5CB-D0E5AB50059E}"
EndProject
Project("{FAE04EC0-301F-11D3-BF4B-00C04F79EFBC}") = "NetOffice.CodeGen.Projection", "src\NetOffice.CodeGen.Projection\NetOffice.CodeGen.Projection.csproj", "{12E9B556-1378-4252-8A0E-356FBF4E33BE}"
EndProject
Project("{FAE04EC0-301F-11D3-BF4B-00C04F79EFBC}") = "NetOffice.CodeGen.Emit", "src\NetOffice.CodeGen.Emit\NetOffice.CodeGen.Emit.csproj", "{97CA2A88-4B46-43AA-8611-FB4013822EEA}"
EndProject
Project("{FAE04EC0-301F-11D3-BF4B-00C04F79EFBC}") = "NetOffice.CodeGen.Storage", "src\NetOffice.CodeGen.Storage\NetOffice.CodeGen.Storage.csproj", "{F62D790A-D4B8-4B32-8B20-4169234F8424}"
EndProject
Project("{FAE04EC0-301F-11D3-BF4B-00C04F79EFBC}") = "NetOffice.CodeGen.Docs", "src\NetOffice.CodeGen.Docs\NetOffice.CodeGen.Docs.csproj", "{12A8FA16-7305-429E-8408-88B33A03573E}"
EndProject
Project("{FAE04EC0-301F-11D3-BF4B-00C04F79EFBC}") = "NetOffice.CodeGen.Application", "src\NetOffice.CodeGen.Application\NetOffice.CodeGen.Application.csproj", "{D0426411-964D-4F9B-985D-99A977BADAFC}"
EndProject
Project("{FAE04EC0-301F-11D3-BF4B-00C04F79EFBC}") = "NetOffice.CodeGen.Cli", "src\NetOffice.CodeGen.Cli\NetOffice.CodeGen.Cli.csproj", "{23FBB6CD-6FBD-4DED-A3C1-0308288205B0}"
EndProject
Project("{FAE04EC0-301F-11D3-BF4B-00C04F79EFBC}") = "NetOffice.CodeGen.ContractExtractor", "tools\NetOffice.CodeGen.ContractExtractor\NetOffice.CodeGen.ContractExtractor.csproj", "{970923D1-FA0E-4128-9CD1-3A02C42230F1}"
EndProject
Project("{FAE04EC0-301F-11D3-BF4B-00C04F79EFBC}") = "NetOffice.DataV08Converter", "tools\NetOffice.DataV08Converter\NetOffice.DataV08Converter.csproj", "{756FBD7E-507E-473E-874D-5F31C90ECDFF}"
EndProject
Project("{FAE04EC0-301F-11D3-BF4B-00C04F79EFBC}") = "NetOffice.CodeGen.Verification", "tests\NetOffice.CodeGen.Verification\NetOffice.CodeGen.Verification.csproj", "{76C210F8-2181-4287-800A-25CCF859B935}"
EndProject
Project("{FAE04EC0-301F-11D3-BF4B-00C04F79EFBC}") = "NetOffice.CodeGen.Emit.Tests", "src\NetOffice.CodeGen.Emit\Tests\NetOffice.CodeGen.Emit.Tests.csproj", "{53FE85B2-1374-496B-8C01-B6F085389188}"
EndProject
Global
	GlobalSection(SolutionConfigurationPlatforms) = preSolution
		Debug|Any CPU = Debug|Any CPU
		Debug|x64 = Debug|x64
		Debug|x86 = Debug|x86
		Release|Any CPU = Release|Any CPU
		Release|x64 = Release|x64
		Release|x86 = Release|x86
	EndGlobalSection
	GlobalSection(ProjectConfigurationPlatforms) = postSolution
		{9D681BBA-591D-46D2-A1C6-F30431BC34D3}.Debug|Any CPU.ActiveCfg = Debug|Any CPU
		{9D681BBA-591D-46D2-A1C6-F30431BC34D3}.Debug|Any CPU.Build.0 = Debug|Any CPU
		{9D681BBA-591D-46D2-A1C6-F30431BC34D3}.Debug|x64.ActiveCfg = Debug|Any CPU
		{9D681BBA-591D-46D2-A1C6-F30431BC34D3}.Debug|x64.Build.0 = Debug|Any CPU
		{9D681BBA-591D-46D2-A1C6-F30431BC34D3}.Debug|x86.ActiveCfg = Debug|Any CPU
		{9D681BBA-591D-46D2-A1C6-F30431BC34D3}.Debug|x86.Build.0 = Debug|Any CPU
		{9D681BBA-591D-46D2-A1C6-F30431BC34D3}.Release|Any CPU.ActiveCfg = Release|Any CPU
		{9D681BBA-591D-46D2-A1C6-F30431BC34D3}.Release|Any CPU.Build.0 = Release|Any CPU
		{9D681BBA-591D-46D2-A1C6-F30431BC34D3}.Release|x64.ActiveCfg = Release|Any CPU
		{9D681BBA-591D-46D2-A1C6-F30431BC34D3}.Release|x64.Build.0 = Release|Any CPU
		{9D681BBA-591D-46D2-A1C6-F30431BC34D3}.Release|x86.ActiveCfg = Release|Any CPU
		{9D681BBA-591D-46D2-A1C6-F30431BC34D3}.Release|x86.Build.0 = Release|Any CPU
		{B39103C0-1DFB-43C7-A5CB-D0E5AB50059E}.Debug|Any CPU.ActiveCfg = Debug|Any CPU
		{B39103C0-1DFB-43C7-A5CB-D0E5AB50059E}.Debug|Any CPU.Build.0 = Debug|Any CPU
		{B39103C0-1DFB-43C7-A5CB-D0E5AB50059E}.Debug|x64.ActiveCfg = Debug|Any CPU
		{B39103C0-1DFB-43C7-A5CB-D0E5AB50059E}.Debug|x64.Build.0 = Debug|Any CPU
		{B39103C0-1DFB-43C7-A5CB-D0E5AB50059E}.Debug|x86.ActiveCfg = Debug|Any CPU
		{B39103C0-1DFB-43C7-A5CB-D0E5AB50059E}.Debug|x86.Build.0 = Debug|Any CPU
		{B39103C0-1DFB-43C7-A5CB-D0E5AB50059E}.Release|Any CPU.ActiveCfg = Release|Any CPU
		{B39103C0-1DFB-43C7-A5CB-D0E5AB50059E}.Release|Any CPU.Build.0 = Release|Any CPU
		{B39103C0-1DFB-43C7-A5CB-D0E5AB50059E}.Release|x64.ActiveCfg = Release|Any CPU
		{B39103C0-1DFB-43C7-A5CB-D0E5AB50059E}.Release|x64.Build.0 = Release|Any CPU
		{B39103C0-1DFB-43C7-A5CB-D0E5AB50059E}.Release|x86.ActiveCfg = Release|Any CPU
		{B39103C0-1DFB-43C7-A5CB-D0E5AB50059E}.Release|x86.Build.0 = Release|Any CPU
		{12E9B556-1378-4252-8A0E-356FBF4E33BE}.Debug|Any CPU.ActiveCfg = Debug|Any CPU
		{12E9B556-1378-4252-8A0E-356FBF4E33BE}.Debug|Any CPU.Build.0 = Debug|Any CPU
		{12E9B556-1378-4252-8A0E-356FBF4E33BE}.Debug|x64.ActiveCfg = Debug|Any CPU
		{12E9B556-1378-4252-8A0E-356FBF4E33BE}.Debug|x64.Build.0 = Debug|Any CPU
		{12E9B556-1378-4252-8A0E-356FBF4E33BE}.Debug|x86.ActiveCfg = Debug|Any CPU
		{12E9B556-1378-4252-8A0E-356FBF4E33BE}.Debug|x86.Build.0 = Debug|Any CPU
		{12E9B556-1378-4252-8A0E-356FBF4E33BE}.Release|Any CPU.ActiveCfg = Release|Any CPU
		{12E9B556-1378-4252-8A0E-356FBF4E33BE}.Release|Any CPU.Build.0 = Release|Any CPU
		{12E9B556-1378-4252-8A0E-356FBF4E33BE}.Release|x64.ActiveCfg = Release|Any CPU
		{12E9B556-1378-4252-8A0E-356FBF4E33BE}.Release|x64.Build.0 = Release|Any CPU
		{12E9B556-1378-4252-8A0E-356FBF4E33BE}.Release|x86.ActiveCfg = Release|Any CPU
		{12E9B556-1378-4252-8A0E-356FBF4E33BE}.Release|x86.Build.0 = Release|Any CPU
		{97CA2A88-4B46-43AA-8611-FB4013822EEA}.Debug|Any CPU.ActiveCfg = Debug|Any CPU
		{97CA2A88-4B46-43AA-8611-FB4013822EEA}.Debug|Any CPU.Build.0 = Debug|Any CPU
		{97CA2A88-4B46-43AA-8611-FB4013822EEA}.Debug|x64.ActiveCfg = Debug|Any CPU
		{97CA2A88-4B46-43AA-8611-FB4013822EEA}.Debug|x64.Build.0 = Debug|Any CPU
		{97CA2A88-4B46-43AA-8611-FB4013822EEA}.Debug|x86.ActiveCfg = Debug|Any CPU
		{97CA2A88-4B46-43AA-8611-FB4013822EEA}.Debug|x86.Build.0 = Debug|Any CPU
		{97CA2A88-4B46-43AA-8611-FB4013822EEA}.Release|Any CPU.ActiveCfg = Release|Any CPU
		{97CA2A88-4B46-43AA-8611-FB4013822EEA}.Release|Any CPU.Build.0 = Release|Any CPU
		{97CA2A88-4B46-43AA-8611-FB4013822EEA}.Release|x64.ActiveCfg = Release|Any CPU
		{97CA2A88-4B46-43AA-8611-FB4013822EEA}.Release|x64.Build.0 = Release|Any CPU
		{97CA2A88-4B46-43AA-8611-FB4013822EEA}.Release|x86.ActiveCfg = Release|Any CPU
		{97CA2A88-4B46-43AA-8611-FB4013822EEA}.Release|x86.Build.0 = Release|Any CPU
		{F62D790A-D4B8-4B32-8B20-4169234F8424}.Debug|Any CPU.ActiveCfg = Debug|Any CPU
		{F62D790A-D4B8-4B32-8B20-4169234F8424}.Debug|Any CPU.Build.0 = Debug|Any CPU
		{F62D790A-D4B8-4B32-8B20-4169234F8424}.Debug|x64.ActiveCfg = Debug|Any CPU
		{F62D790A-D4B8-4B32-8B20-4169234F8424}.Debug|x64.Build.0 = Debug|Any CPU
		{F62D790A-D4B8-4B32-8B20-4169234F8424}.Debug|x86.ActiveCfg = Debug|Any CPU
		{F62D790A-D4B8-4B32-8B20-4169234F8424}.Debug|x86.Build.0 = Debug|Any CPU
		{F62D790A-D4B8-4B32-8B20-4169234F8424}.Release|Any CPU.ActiveCfg = Release|Any CPU
		{F62D790A-D4B8-4B32-8B20-4169234F8424}.Release|Any CPU.Build.0 = Release|Any CPU
		{F62D790A-D4B8-4B32-8B20-4169234F8424}.Release|x64.ActiveCfg = Release|Any CPU
		{F62D790A-D4B8-4B32-8B20-4169234F8424}.Release|x64.Build.0 = Release|Any CPU
		{F62D790A-D4B8-4B32-8B20-4169234F8424}.Release|x86.ActiveCfg = Release|Any CPU
		{F62D790A-D4B8-4B32-8B20-4169234F8424}.Release|x86.Build.0 = Release|Any CPU
		{12A8FA16-7305-429E-8408-88B33A03573E}.Debug|Any CPU.ActiveCfg = Debug|Any CPU
		{12A8FA16-7305-429E-8408-88B33A03573E}.Debug|Any CPU.Build.0 = Debug|Any CPU
		{12A8FA16-7305-429E-8408-88B33A03573E}.Debug|x64.ActiveCfg = Debug|Any CPU
		{12A8FA16-7305-429E-8408-88B33A03573E}.Debug|x64.Build.0 = Debug|Any CPU
		{12A8FA16-7305-429E-8408-88B33A03573E}.Debug|x86.ActiveCfg = Debug|Any CPU
		{12A8FA16-7305-429E-8408-88B33A03573E}.Debug|x86.Build.0 = Debug|Any CPU
		{12A8FA16-7305-429E-8408-88B33A03573E}.Release|Any CPU.ActiveCfg = Release|Any CPU
		{12A8FA16-7305-429E-8408-88B33A03573E}.Release|Any CPU.Build.0 = Release|Any CPU
		{12A8FA16-7305-429E-8408-88B33A03573E}.Release|x64.ActiveCfg = Release|Any CPU
		{12A8FA16-7305-429E-8408-88B33A03573E}.Release|x64.Build.0 = Release|Any CPU
		{12A8FA16-7305-429E-8408-88B33A03573E}.Release|x86.ActiveCfg = Release|Any CPU
		{12A8FA16-7305-429E-8408-88B33A03573E}.Release|x86.Build.0 = Release|Any CPU
		{D0426411-964D-4F9B-985D-99A977BADAFC}.Debug|Any CPU.ActiveCfg = Debug|Any CPU
		{D0426411-964D-4F9B-985D-99A977BADAFC}.Debug|Any CPU.Build.0 = Debug|Any CPU
		{D0426411-964D-4F9B-985D-99A977BADAFC}.Debug|x64.ActiveCfg = Debug|Any CPU
		{D0426411-964D-4F9B-985D-99A977BADAFC}.Debug|x64.Build.0 = Debug|Any CPU
		{D0426411-964D-4F9B-985D-99A977BADAFC}.Debug|x86.ActiveCfg = Debug|Any CPU
		{D0426411-964D-4F9B-985D-99A977BADAFC}.Debug|x86.Build.0 = Debug|Any CPU
		{D0426411-964D-4F9B-985D-99A977BADAFC}.Release|Any CPU.ActiveCfg = Release|Any CPU
		{D0426411-964D-4F9B-985D-99A977BADAFC}.Release|Any CPU.Build.0 = Release|Any CPU
		{D0426411-964D-4F9B-985D-99A977BADAFC}.Release|x64.ActiveCfg = Release|Any CPU
		{D0426411-964D-4F9B-985D-99A977BADAFC}.Release|x64.Build.0 = Release|Any CPU
		{D0426411-964D-4F9B-985D-99A977BADAFC}.Release|x86.ActiveCfg = Release|Any CPU
		{D0426411-964D-4F9B-985D-99A977BADAFC}.Release|x86.Build.0 = Release|Any CPU
		{23FBB6CD-6FBD-4DED-A3C1-0308288205B0}.Debug|Any CPU.ActiveCfg = Debug|Any CPU
		{23FBB6CD-6FBD-4DED-A3C1-0308288205B0}.Debug|Any CPU.Build.0 = Debug|Any CPU
		{23FBB6CD-6FBD-4DED-A3C1-0308288205B0}.Debug|x64.ActiveCfg = Debug|Any CPU
		{23FBB6CD-6FBD-4DED-A3C1-0308288205B0}.Debug|x64.Build.0 = Debug|Any CPU
		{23FBB6CD-6FBD-4DED-A3C1-0308288205B0}.Debug|x86.ActiveCfg = Debug|Any CPU
		{23FBB6CD-6FBD-4DED-A3C1-0308288205B0}.Debug|x86.Build.0 = Debug|Any CPU
		{23FBB6CD-6FBD-4DED-A3C1-0308288205B0}.Release|Any CPU.ActiveCfg = Release|Any CPU
		{23FBB6CD-6FBD-4DED-A3C1-0308288205B0}.Release|Any CPU.Build.0 = Release|Any CPU
		{23FBB6CD-6FBD-4DED-A3C1-0308288205B0}.Release|x64.ActiveCfg = Release|Any CPU
		{23FBB6CD-6FBD-4DED-A3C1-0308288205B0}.Release|x64.Build.0 = Release|Any CPU
		{23FBB6CD-6FBD-4DED-A3C1-0308288205B0}.Release|x86.ActiveCfg = Release|Any CPU
		{23FBB6CD-6FBD-4DED-A3C1-0308288205B0}.Release|x86.Build.0 = Release|Any CPU
		{970923D1-FA0E-4128-9CD1-3A02C42230F1}.Debug|Any CPU.ActiveCfg = Debug|Any CPU
		{970923D1-FA0E-4128-9CD1-3A02C42230F1}.Debug|Any CPU.Build.0 = Debug|Any CPU
		{970923D1-FA0E-4128-9CD1-3A02C42230F1}.Debug|x64.ActiveCfg = Debug|Any CPU
		{970923D1-FA0E-4128-9CD1-3A02C42230F1}.Debug|x64.Build.0 = Debug|Any CPU
		{970923D1-FA0E-4128-9CD1-3A02C42230F1}.Debug|x86.ActiveCfg = Debug|Any CPU
		{970923D1-FA0E-4128-9CD1-3A02C42230F1}.Debug|x86.Build.0 = Debug|Any CPU
		{970923D1-FA0E-4128-9CD1-3A02C42230F1}.Release|Any CPU.ActiveCfg = Release|Any CPU
		{970923D1-FA0E-4128-9CD1-3A02C42230F1}.Release|Any CPU.Build.0 = Release|Any CPU
		{970923D1-FA0E-4128-9CD1-3A02C42230F1}.Release|x64.ActiveCfg = Release|Any CPU
		{970923D1-FA0E-4128-9CD1-3A02C42230F1}.Release|x64.Build.0 = Release|Any CPU
		{970923D1-FA0E-4128-9CD1-3A02C42230F1}.Release|x86.ActiveCfg = Release|Any CPU
		{970923D1-FA0E-4128-9CD1-3A02C42230F1}.Release|x86.Build.0 = Release|Any CPU
		{756FBD7E-507E-473E-874D-5F31C90ECDFF}.Debug|Any CPU.ActiveCfg = Debug|Any CPU
		{756FBD7E-507E-473E-874D-5F31C90ECDFF}.Debug|Any CPU.Build.0 = Debug|Any CPU
		{756FBD7E-507E-473E-874D-5F31C90ECDFF}.Debug|x64.ActiveCfg = Debug|Any CPU
		{756FBD7E-507E-473E-874D-5F31C90ECDFF}.Debug|x64.Build.0 = Debug|Any CPU
		{756FBD7E-507E-473E-874D-5F31C90ECDFF}.Debug|x86.ActiveCfg = Debug|Any CPU
		{756FBD7E-507E-473E-874D-5F31C90ECDFF}.Debug|x86.Build.0 = Debug|Any CPU
		{756FBD7E-507E-473E-874D-5F31C90ECDFF}.Release|Any CPU.ActiveCfg = Release|Any CPU
		{756FBD7E-507E-473E-874D-5F31C90ECDFF}.Release|Any CPU.Build.0 = Release|Any CPU
		{756FBD7E-507E-473E-874D-5F31C90ECDFF}.Release|x64.ActiveCfg = Release|Any CPU
		{756FBD7E-507E-473E-874D-5F31C90ECDFF}.Release|x64.Build.0 = Release|Any CPU
		{756FBD7E-507E-473E-874D-5F31C90ECDFF}.Release|x86.ActiveCfg = Release|Any CPU
		{756FBD7E-507E-473E-874D-5F31C90ECDFF}.Release|x86.Build.0 = Release|Any CPU
		{76C210F8-2181-4287-800A-25CCF859B935}.Debug|Any CPU.ActiveCfg = Debug|Any CPU
		{76C210F8-2181-4287-800A-25CCF859B935}.Debug|Any CPU.Build.0 = Debug|Any CPU
		{76C210F8-2181-4287-800A-25CCF859B935}.Debug|x64.ActiveCfg = Debug|Any CPU
		{76C210F8-2181-4287-800A-25CCF859B935}.Debug|x64.Build.0 = Debug|Any CPU
		{76C210F8-2181-4287-800A-25CCF859B935}.Debug|x86.ActiveCfg = Debug|Any CPU
		{76C210F8-2181-4287-800A-25CCF859B935}.Debug|x86.Build.0 = Debug|Any CPU
		{76C210F8-2181-4287-800A-25CCF859B935}.Release|Any CPU.ActiveCfg = Release|Any CPU
		{76C210F8-2181-4287-800A-25CCF859B935}.Release|Any CPU.Build.0 = Release|Any CPU
		{76C210F8-2181-4287-800A-25CCF859B935}.Release|x64.ActiveCfg = Release|Any CPU
		{76C210F8-2181-4287-800A-25CCF859B935}.Release|x64.Build.0 = Release|Any CPU
		{76C210F8-2181-4287-800A-25CCF859B935}.Release|x86.ActiveCfg = Release|Any CPU
		{76C210F8-2181-4287-800A-25CCF859B935}.Release|x86.Build.0 = Release|Any CPU
		{53FE85B2-1374-496B-8C01-B6F085389188}.Debug|Any CPU.ActiveCfg = Debug|Any CPU
		{53FE85B2-1374-496B-8C01-B6F085389188}.Debug|Any CPU.Build.0 = Debug|Any CPU
		{53FE85B2-1374-496B-8C01-B6F085389188}.Debug|x64.ActiveCfg = Debug|Any CPU
		{53FE85B2-1374-496B-8C01-B6F085389188}.Debug|x64.Build.0 = Debug|Any CPU
		{53FE85B2-1374-496B-8C01-B6F085389188}.Debug|x86.ActiveCfg = Debug|Any CPU
		{53FE85B2-1374-496B-8C01-B6F085389188}.Debug|x86.Build.0 = Debug|Any CPU
		{53FE85B2-1374-496B-8C01-B6F085389188}.Release|Any CPU.ActiveCfg = Release|Any CPU
		{53FE85B2-1374-496B-8C01-B6F085389188}.Release|Any CPU.Build.0 = Release|Any CPU
		{53FE85B2-1374-496B-8C01-B6F085389188}.Release|x64.ActiveCfg = Release|Any CPU
		{53FE85B2-1374-496B-8C01-B6F085389188}.Release|x64.Build.0 = Release|Any CPU
		{53FE85B2-1374-496B-8C01-B6F085389188}.Release|x86.ActiveCfg = Release|Any CPU
		{53FE85B2-1374-496B-8C01-B6F085389188}.Release|x86.Build.0 = Release|Any CPU
	EndGlobalSection
	GlobalSection(SolutionProperties) = preSolution
		HideSolutionNode = FALSE
	EndGlobalSection
	GlobalSection(NestedProjects) = preSolution
		{9D681BBA-591D-46D2-A1C6-F30431BC34D3} = {827E0CD3-B72D-47B6-A68D-7590B98EB39B}
		{B39103C0-1DFB-43C7-A5CB-D0E5AB50059E} = {827E0CD3-B72D-47B6-A68D-7590B98EB39B}
	EndGlobalSection
EndGlobal
