
Microsoft Visual Studio Solution File, Format Version 12.00
# Visual Studio Version 17
VisualStudioVersion = 17.0.31903.59
MinimumVisualStudioVersion = 10.0.40219.1
Project("{FAE04EC0-301F-11D3-BF4B-00C04F79EFBC}") = "ExampleBase", "ExampleBase\ExampleBase.csproj", "{0D84E472-2F2B-490E-927A-0BDD751D6362}"
EndProject
Project("{2150E333-8FDC-42A3-9474-1A3956D46DE8}") = "Access", "Access", "{F1815D84-E437-4634-B8E4-FFBFFB8B1D10}"
EndProject
Project("{FAE04EC0-301F-11D3-BF4B-00C04F79EFBC}") = "AccessAutomation", "Access\Automation\AccessAutomation.csproj", "{9BF03806-F1E8-4FAB-A60B-BA981ADDBFC2}"
EndProject
Project("{2150E333-8FDC-42A3-9474-1A3956D46DE8}") = "NetOffice", "NetOffice", "{55620AA8-130F-432E-B302-1DD46C673EAF}"
EndProject
Project("{9A19103F-16F7-4668-BE54-9A1E7A4F7556}") = "NetOffice", "..\Source\NetOffice\NetOffice.csproj", "{C34EE361-0D28-471D-B44F-E1B4B286401F}"
EndProject
Project("{9A19103F-16F7-4668-BE54-9A1E7A4F7556}") = "AccessApi", "..\Source\Access\AccessApi.csproj", "{E01E3993-D6FF-4CAE-A8BD-E6C924988624}"
EndProject
Project("{9A19103F-16F7-4668-BE54-9A1E7A4F7556}") = "OfficeApi", "..\Source\Office\OfficeApi.csproj", "{28EC9AFB-801E-4ACD-A922-109332F43434}"
EndProject
Project("{9A19103F-16F7-4668-BE54-9A1E7A4F7556}") = "DAOApi", "..\Source\DAO\DAOApi.csproj", "{E66D74EF-226C-46B9-B008-7AF495A1DA11}"
EndProject
Project("{2150E333-8FDC-42A3-9474-1A3956D46DE8}") = "Excel", "Excel", "{963431AF-76CF-4022-B887-CC8F0AAF4F71}"
EndProject
Project("{FAE04EC0-301F-11D3-BF4B-00C04F79EFBC}") = "ExcelAutomation", "Excel\Automation\ExcelAutomation.csproj", "{30C85D67-193F-4E46-BE81-FD6EBE90CBC3}"
EndProject
Project("{9A19103F-16F7-4668-BE54-9A1E7A4F7556}") = "ExcelApi", "..\Source\Excel\ExcelApi.csproj", "{330A1B90-5B41-435E-BFB4-33305E782344}"
EndProject
Project("{9A19103F-16F7-4668-BE54-9A1E7A4F7556}") = "VBIDEApi", "..\Source\VBIDE\VBIDEApi.csproj", "{89B49DBD-7807-4219-961E-258659A27AC0}"
EndProject
Project("{2150E333-8FDC-42A3-9474-1A3956D46DE8}") = "Outlook", "Outlook", "{54CE11AE-8E21-466F-B663-2C909D1752F2}"
EndProject
Project("{FAE04EC0-301F-11D3-BF4B-00C04F79EFBC}") = "OutlookAutomation", "Outlook\Automation\OutlookAutomation.csproj", "{CBEB2AB3-B446-4762-9500-1F206F6CCC23}"
EndProject
Project("{9A19103F-16F7-4668-BE54-9A1E7A4F7556}") = "OutlookApi", "..\Source\Outlook\OutlookApi.csproj", "{21CBBFA4-2E9B-46A8-9B41-5736F7CAC60E}"
EndProject
Project("{2150E333-8FDC-42A3-9474-1A3956D46DE8}") = "PowerPoint", "PowerPoint", "{EFA3FFD2-3BD4-4EA5-B4BC-17BA4B1C8888}"
EndProject
Project("{9A19103F-16F7-4668-BE54-9A1E7A4F7556}") = "PowerPointApi", "..\Source\PowerPoint\PowerPointApi.csproj", "{107F4FAB-9D6C-4A90-B126-158A5E22AA6D}"
EndProject
Project("{FAE04EC0-301F-11D3-BF4B-00C04F79EFBC}") = "PowerPointAutomation", "PowerPoint\Automation\PowerPointAutomation.csproj", "{2E898D16-629B-4648-BA8B-4BC95B594EA9}"
EndProject
Project("{2150E333-8FDC-42A3-9474-1A3956D46DE8}") = "Word", "Word", "{99980EF4-7027-4F25-98A1-3746803AB1FF}"
EndProject
Project("{FAE04EC0-301F-11D3-BF4B-00C04F79EFBC}") = "WordAutomation", "Word\Automation\WordAutomation.csproj", "{20974B7A-6EA6-479F-BBA5-FD6E4E75DF36}"
EndProject
Project("{9A19103F-16F7-4668-BE54-9A1E7A4F7556}") = "WordApi", "..\Source\Word\WordApi.csproj", "{02E2257D-3C06-43CA-9CC0-C7E02E1CD0A1}"
EndProject
Global
	GlobalSection(SolutionConfigurationPlatforms) = preSolution
		Debug|Any CPU = Debug|Any CPU
		Debug|x86 = Debug|x86
		Release|Any CPU = Release|Any CPU
		Release|x86 = Release|x86
	EndGlobalSection
	GlobalSection(ProjectConfigurationPlatforms) = postSolution
		{0D84E472-2F2B-490E-927A-0BDD751D6362}.Debug|Any CPU.ActiveCfg = Debug|Any CPU
		{0D84E472-2F2B-490E-927A-0BDD751D6362}.Debug|Any CPU.Build.0 = Debug|Any CPU
		{0D84E472-2F2B-490E-927A-0BDD751D6362}.Debug|x86.ActiveCfg = Debug|Any CPU
		{0D84E472-2F2B-490E-927A-0BDD751D6362}.Debug|x86.Build.0 = Debug|Any CPU
		{0D84E472-2F2B-490E-927A-0BDD751D6362}.Release|Any CPU.ActiveCfg = Release|Any CPU
		{0D84E472-2F2B-490E-927A-0BDD751D6362}.Release|Any CPU.Build.0 = Release|Any CPU
		{0D84E472-2F2B-490E-927A-0BDD751D6362}.Release|x86.ActiveCfg = Release|Any CPU
		{0D84E472-2F2B-490E-927A-0BDD751D6362}.Release|x86.Build.0 = Release|Any CPU
		{9BF03806-F1E8-4FAB-A60B-BA981ADDBFC2}.Debug|Any CPU.ActiveCfg = Debug|Any CPU
		{9BF03806-F1E8-4FAB-A60B-BA981ADDBFC2}.Debug|Any CPU.Build.0 = Debug|Any CPU
		{9BF03806-F1E8-4FAB-A60B-BA981ADDBFC2}.Debug|x86.ActiveCfg = Debug|x86
		{9BF03806-F1E8-4FAB-A60B-BA981ADDBFC2}.Debug|x86.Build.0 = Debug|x86
		{9BF03806-F1E8-4FAB-A60B-BA981ADDBFC2}.Release|Any CPU.ActiveCfg = Release|Any CPU
		{9BF03806-F1E8-4FAB-A60B-BA981ADDBFC2}.Release|Any CPU.Build.0 = Release|Any CPU
		{9BF03806-F1E8-4FAB-A60B-BA981ADDBFC2}.Release|x86.ActiveCfg = Release|x86
		{9BF03806-F1E8-4FAB-A60B-BA981ADDBFC2}.Release|x86.Build.0 = Release|x86
		{C34EE361-0D28-471D-B44F-E1B4B286401F}.Debug|Any CPU.ActiveCfg = Debug|Any CPU
		{C34EE361-0D28-471D-B44F-E1B4B286401F}.Debug|Any CPU.Build.0 = Debug|Any CPU
		{C34EE361-0D28-471D-B44F-E1B4B286401F}.Debug|x86.ActiveCfg = Debug|Any CPU
		{C34EE361-0D28-471D-B44F-E1B4B286401F}.Debug|x86.Build.0 = Debug|Any CPU
		{C34EE361-0D28-471D-B44F-E1B4B286401F}.Release|Any CPU.ActiveCfg = Release|Any CPU
		{C34EE361-0D28-471D-B44F-E1B4B286401F}.Release|Any CPU.Build.0 = Release|Any CPU
		{C34EE361-0D28-471D-B44F-E1B4B286401F}.Release|x86.ActiveCfg = Release|Any CPU
		{C34EE361-0D28-471D-B44F-E1B4B286401F}.Release|x86.Build.0 = Release|Any CPU
		{E01E3993-D6FF-4CAE-A8BD-E6C924988624}.Debug|Any CPU.ActiveCfg = Debug|Any CPU
		{E01E3993-D6FF-4CAE-A8BD-E6C924988624}.Debug|Any CPU.Build.0 = Debug|Any CPU
		{E01E3993-D6FF-4CAE-A8BD-E6C924988624}.Debug|x86.ActiveCfg = Debug|Any CPU
		{E01E3993-D6FF-4CAE-A8BD-E6C924988624}.Debug|x86.Build.0 = Debug|Any CPU
		{E01E3993-D6FF-4CAE-A8BD-E6C924988624}.Release|Any CPU.ActiveCfg = Release|Any CPU
		{E01E3993-D6FF-4CAE-A8BD-E6C924988624}.Release|Any CPU.Build.0 = Release|Any CPU
		{E01E3993-D6FF-4CAE-A8BD-E6C924988624}.Release|x86.ActiveCfg = Release|Any CPU
		{E01E3993-D6FF-4CAE-A8BD-E6C924988624}.Release|x86.Build.0 = Release|Any CPU
		{28EC9AFB-801E-4ACD-A922-109332F43434}.Debug|Any CPU.ActiveCfg = Debug|Any CPU
		{28EC9AFB-801E-4ACD-A922-109332F43434}.Debug|Any CPU.Build.0 = Debug|Any CPU
		{28EC9AFB-801E-4ACD-A922-109332F43434}.Debug|x86.ActiveCfg = Debug|Any CPU
		{28EC9AFB-801E-4ACD-A922-109332F43434}.Debug|x86.Build.0 = Debug|Any CPU
		{28EC9AFB-801E-4ACD-A922-109332F43434}.Release|Any CPU.ActiveCfg = Release|Any CPU
		{28EC9AFB-801E-4ACD-A922-109332F43434}.Release|Any CPU.Build.0 = Release|Any CPU
		{28EC9AFB-801E-4ACD-A922-109332F43434}.Release|x86.ActiveCfg = Release|Any CPU
		{28EC9AFB-801E-4ACD-A922-109332F43434}.Release|x86.Build.0 = Release|Any CPU
		{E66D74EF-226C-46B9-B008-7AF495A1DA11}.Debug|Any CPU.ActiveCfg = Debug|Any CPU
		{E66D74EF-226C-46B9-B008-7AF495A1DA11}.Debug|Any CPU.Build.0 = Debug|Any CPU
		{E66D74EF-226C-46B9-B008-7AF495A1DA11}.Debug|x86.ActiveCfg = Debug|Any CPU
		{E66D74EF-226C-46B9-B008-7AF495A1DA11}.Debug|x86.Build.0 = Debug|Any CPU
		{E66D74EF-226C-46B9-B008-7AF495A1DA11}.Release|Any CPU.ActiveCfg = Release|Any CPU
		{E66D74EF-226C-46B9-B008-7AF495A1DA11}.Release|Any CPU.Build.0 = Release|Any CPU
		{E66D74EF-226C-46B9-B008-7AF495A1DA11}.Release|x86.ActiveCfg = Release|Any CPU
		{E66D74EF-226C-46B9-B008-7AF495A1DA11}.Release|x86.Build.0 = Release|Any CPU
		{30C85D67-193F-4E46-BE81-FD6EBE90CBC3}.Debug|Any CPU.ActiveCfg = Debug|Any CPU
		{30C85D67-193F-4E46-BE81-FD6EBE90CBC3}.Debug|Any CPU.Build.0 = Debug|Any CPU
		{30C85D67-193F-4E46-BE81-FD6EBE90CBC3}.Debug|x86.ActiveCfg = Debug|x86
		{30C85D67-193F-4E46-BE81-FD6EBE90CBC3}.Debug|x86.Build.0 = Debug|x86
		{30C85D67-193F-4E46-BE81-FD6EBE90CBC3}.Release|Any CPU.ActiveCfg = Release|Any CPU
		{30C85D67-193F-4E46-BE81-FD6EBE90CBC3}.Release|Any CPU.Build.0 = Release|Any CPU
		{30C85D67-193F-4E46-BE81-FD6EBE90CBC3}.Release|x86.ActiveCfg = Release|x86
		{30C85D67-193F-4E46-BE81-FD6EBE90CBC3}.Release|x86.Build.0 = Release|x86
		{330A1B90-5B41-435E-BFB4-33305E782344}.Debug|Any CPU.ActiveCfg = Debug|Any CPU
		{330A1B90-5B41-435E-BFB4-33305E782344}.Debug|Any CPU.Build.0 = Debug|Any CPU
		{330A1B90-5B41-435E-BFB4-33305E782344}.Debug|x86.ActiveCfg = Debug|Any CPU
		{330A1B90-5B41-435E-BFB4-33305E782344}.Debug|x86.Build.0 = Debug|Any CPU
		{330A1B90-5B41-435E-BFB4-33305E782344}.Release|Any CPU.ActiveCfg = Release|Any CPU
		{330A1B90-5B41-435E-BFB4-33305E782344}.Release|Any CPU.Build.0 = Release|Any CPU
		{330A1B90-5B41-435E-BFB4-33305E782344}.Release|x86.ActiveCfg = Release|Any CPU
		{330A1B90-5B41-435E-BFB4-33305E782344}.Release|x86.Build.0 = Release|Any CPU
		{89B49DBD-7807-4219-961E-258659A27AC0}.Debug|Any CPU.ActiveCfg = Debug|Any CPU
		{89B49DBD-7807-4219-961E-258659A27AC0}.Debug|Any CPU.Build.0 = Debug|Any CPU
		{89B49DBD-7807-4219-961E-258659A27AC0}.Debug|x86.ActiveCfg = Debug|Any CPU
		{89B49DBD-7807-4219-961E-258659A27AC0}.Debug|x86.Build.0 = Debug|Any CPU
		{89B49DBD-7807-4219-961E-258659A27AC0}.Release|Any CPU.ActiveCfg = Release|Any CPU
		{89B49DBD-7807-4219-961E-258659A27AC0}.Release|Any CPU.Build.0 = Release|Any CPU
		{89B49DBD-7807-4219-961E-258659A27AC0}.Release|x86.ActiveCfg = Release|Any CPU
		{89B49DBD-7807-4219-961E-258659A27AC0}.Release|x86.Build.0 = Release|Any CPU
		{CBEB2AB3-B446-4762-9500-1F206F6CCC23}.Debug|Any CPU.ActiveCfg = Debug|Any CPU
		{CBEB2AB3-B446-4762-9500-1F206F6CCC23}.Debug|Any CPU.Build.0 = Debug|Any CPU
		{CBEB2AB3-B446-4762-9500-1F206F6CCC23}.Debug|x86.ActiveCfg = Debug|x86
		{CBEB2AB3-B446-4762-9500-1F206F6CCC23}.Debug|x86.Build.0 = Debug|x86
		{CBEB2AB3-B446-4762-9500-1F206F6CCC23}.Release|Any CPU.ActiveCfg = Release|Any CPU
		{CBEB2AB3-B446-4762-9500-1F206F6CCC23}.Release|Any CPU.Build.0 = Release|Any CPU
		{CBEB2AB3-B446-4762-9500-1F206F6CCC23}.Release|x86.ActiveCfg = Release|x86
		{CBEB2AB3-B446-4762-9500-1F206F6CCC23}.Release|x86.Build.0 = Release|x86
		{21CBBFA4-2E9B-46A8-9B41-5736F7CAC60E}.Debug|Any CPU.ActiveCfg = Debug|Any CPU
		{21CBBFA4-2E9B-46A8-9B41-5736F7CAC60E}.Debug|Any CPU.Build.0 = Debug|Any CPU
		{21CBBFA4-2E9B-46A8-9B41-5736F7CAC60E}.Debug|x86.ActiveCfg = Debug|Any CPU
		{21CBBFA4-2E9B-46A8-9B41-5736F7CAC60E}.Debug|x86.Build.0 = Debug|Any CPU
		{21CBBFA4-2E9B-46A8-9B41-5736F7CAC60E}.Release|Any CPU.ActiveCfg = Release|Any CPU
		{21CBBFA4-2E9B-46A8-9B41-5736F7CAC60E}.Release|Any CPU.Build.0 = Release|Any CPU
		{21CBBFA4-2E9B-46A8-9B41-5736F7CAC60E}.Release|x86.ActiveCfg = Release|Any CPU
		{21CBBFA4-2E9B-46A8-9B41-5736F7CAC60E}.Release|x86.Build.0 = Release|Any CPU
		{107F4FAB-9D6C-4A90-B126-158A5E22AA6D}.Debug|Any CPU.ActiveCfg = Debug|Any CPU
		{107F4FAB-9D6C-4A90-B126-158A5E22AA6D}.Debug|Any CPU.Build.0 = Debug|Any CPU
		{107F4FAB-9D6C-4A90-B126-158A5E22AA6D}.Debug|x86.ActiveCfg = Debug|Any CPU
		{107F4FAB-9D6C-4A90-B126-158A5E22AA6D}.Debug|x86.Build.0 = Debug|Any CPU
		{107F4FAB-9D6C-4A90-B126-158A5E22AA6D}.Release|Any CPU.ActiveCfg = Release|Any CPU
		{107F4FAB-9D6C-4A90-B126-158A5E22AA6D}.Release|Any CPU.Build.0 = Release|Any CPU
		{107F4FAB-9D6C-4A90-B126-158A5E22AA6D}.Release|x86.ActiveCfg = Release|Any CPU
		{107F4FAB-9D6C-4A90-B126-158A5E22AA6D}.Release|x86.Build.0 = Release|Any CPU
		{2E898D16-629B-4648-BA8B-4BC95B594EA9}.Debug|Any CPU.ActiveCfg = Debug|Any CPU
		{2E898D16-629B-4648-BA8B-4BC95B594EA9}.Debug|Any CPU.Build.0 = Debug|Any CPU
		{2E898D16-629B-4648-BA8B-4BC95B594EA9}.Debug|x86.ActiveCfg = Debug|x86
		{2E898D16-629B-4648-BA8B-4BC95B594EA9}.Debug|x86.Build.0 = Debug|x86
		{2E898D16-629B-4648-BA8B-4BC95B594EA9}.Release|Any CPU.ActiveCfg = Release|Any CPU
		{2E898D16-629B-4648-BA8B-4BC95B594EA9}.Release|Any CPU.Build.0 = Release|Any CPU
		{2E898D16-629B-4648-BA8B-4BC95B594EA9}.Release|x86.ActiveCfg = Release|x86
		{2E898D16-629B-4648-BA8B-4BC95B594EA9}.Release|x86.Build.0 = Release|x86
		{20974B7A-6EA6-479F-BBA5-FD6E4E75DF36}.Debug|Any CPU.ActiveCfg = Debug|Any CPU
		{20974B7A-6EA6-479F-BBA5-FD6E4E75DF36}.Debug|Any CPU.Build.0 = Debug|Any CPU
		{20974B7A-6EA6-479F-BBA5-FD6E4E75DF36}.Debug|x86.ActiveCfg = Debug|x86
		{20974B7A-6EA6-479F-BBA5-FD6E4E75DF36}.Debug|x86.Build.0 = Debug|x86
		{20974B7A-6EA6-479F-BBA5-FD6E4E75DF36}.Release|Any CPU.ActiveCfg = Release|Any CPU
		{20974B7A-6EA6-479F-BBA5-FD6E4E75DF36}.Release|Any CPU.Build.0 = Release|Any CPU
		{20974B7A-6EA6-479F-BBA5-FD6E4E75DF36}.Release|x86.ActiveCfg = Release|x86
		{20974B7A-6EA6-479F-BBA5-FD6E4E75DF36}.Release|x86.Build.0 = Release|x86
		{02E2257D-3C06-43CA-9CC0-C7E02E1CD0A1}.Debug|Any CPU.ActiveCfg = Debug|Any CPU
		{02E2257D-3C06-43CA-9CC0-C7E02E1CD0A1}.Debug|Any CPU.Build.0 = Debug|Any CPU
		{02E2257D-3C06-43CA-9CC0-C7E02E1CD0A1}.Debug|x86.ActiveCfg = Debug|Any CPU
		{02E2257D-3C06-43CA-9CC0-C7E02E1CD0A1}.Debug|x86.Build.0 = Debug|Any CPU
		{02E2257D-3C06-43CA-9CC0-C7E02E1CD0A1}.Release|Any CPU.ActiveCfg = Release|Any CPU
		{02E2257D-3C06-43CA-9CC0-C7E02E1CD0A1}.Release|Any CPU.Build.0 = Release|Any CPU
		{02E2257D-3C06-43CA-9CC0-C7E02E1CD0A1}.Release|x86.ActiveCfg = Release|Any CPU
		{02E2257D-3C06-43CA-9CC0-C7E02E1CD0A1}.Release|x86.Build.0 = Release|Any CPU
	EndGlobalSection
	GlobalSection(SolutionProperties) = preSolution
		HideSolutionNode = FALSE
	EndGlobalSection
	GlobalSection(NestedProjects) = preSolution
		{9BF03806-F1E8-4FAB-A60B-BA981ADDBFC2} = {F1815D84-E437-4634-B8E4-FFBFFB8B1D10}
		{C34EE361-0D28-471D-B44F-E1B4B286401F} = {55620AA8-130F-432E-B302-1DD46C673EAF}
		{E01E3993-D6FF-4CAE-A8BD-E6C924988624} = {55620AA8-130F-432E-B302-1DD46C673EAF}
		{28EC9AFB-801E-4ACD-A922-109332F43434} = {55620AA8-130F-432E-B302-1DD46C673EAF}
		{E66D74EF-226C-46B9-B008-7AF495A1DA11} = {55620AA8-130F-432E-B302-1DD46C673EAF}
		{30C85D67-193F-4E46-BE81-FD6EBE90CBC3} = {963431AF-76CF-4022-B887-CC8F0AAF4F71}
		{330A1B90-5B41-435E-BFB4-33305E782344} = {55620AA8-130F-432E-B302-1DD46C673EAF}
		{89B49DBD-7807-4219-961E-258659A27AC0} = {55620AA8-130F-432E-B302-1DD46C673EAF}
		{CBEB2AB3-B446-4762-9500-1F206F6CCC23} = {54CE11AE-8E21-466F-B663-2C909D1752F2}
		{21CBBFA4-2E9B-46A8-9B41-5736F7CAC60E} = {55620AA8-130F-432E-B302-1DD46C673EAF}
		{107F4FAB-9D6C-4A90-B126-158A5E22AA6D} = {55620AA8-130F-432E-B302-1DD46C673EAF}
		{2E898D16-629B-4648-BA8B-4BC95B594EA9} = {EFA3FFD2-3BD4-4EA5-B4BC-17BA4B1C8888}
		{20974B7A-6EA6-479F-BBA5-FD6E4E75DF36} = {99980EF4-7027-4F25-98A1-3746803AB1FF}
		{02E2257D-3C06-43CA-9CC0-C7E02E1CD0A1} = {55620AA8-130F-432E-B302-1DD46C673EAF}
	EndGlobalSection
	GlobalSection(ExtensibilityGlobals) = postSolution
		SolutionGuid = {CDD40CD3-5DE3-4889-A21A-1848C0F5EFF9}
	EndGlobalSection
EndGlobal
