
Microsoft Visual Studio Solution File, Format Version 11.00
# Visual Studio 2010
Project("{F184B08F-C81C-45F6-A57F-5ABD9991F28F}") = "NetOffice Tools - Simple", "Simple\NetOffice Tools - Simple.vbproj", "{DC0530D6-6BE4-4437-91BF-565509E583FB}"
EndProject
Project("{F184B08F-C81C-45F6-A57F-5ABD9991F28F}") = "NetOffice Tools - Extended", "Extended\NetOffice Tools - Extended.vbproj", "{92D0523D-C51B-446E-8A15-A149F20C1C5C}"
EndProject
Project("{F184B08F-C81C-45F6-A57F-5ABD9991F28F}") = "NetOffice Tools - Tweaks", "Tweaks\NetOffice Tools - Tweaks.vbproj", "{A3E03AE1-A29C-4B79-9F10-5A6720FE56D7}"
EndProject
Global
	GlobalSection(SolutionConfigurationPlatforms) = preSolution
		Debug|Any CPU = Debug|Any CPU
		Release|Any CPU = Release|Any CPU
	EndGlobalSection
	GlobalSection(ProjectConfigurationPlatforms) = postSolution
		{DC0530D6-6BE4-4437-91BF-565509E583FB}.Debug|Any CPU.ActiveCfg = Debug|Any CPU
		{DC0530D6-6BE4-4437-91BF-565509E583FB}.Debug|Any CPU.Build.0 = Debug|Any CPU
		{DC0530D6-6BE4-4437-91BF-565509E583FB}.Release|Any CPU.ActiveCfg = Release|Any CPU
		{DC0530D6-6BE4-4437-91BF-565509E583FB}.Release|Any CPU.Build.0 = Release|Any CPU
		{92D0523D-C51B-446E-8A15-A149F20C1C5C}.Debug|Any CPU.ActiveCfg = Debug|Any CPU
		{92D0523D-C51B-446E-8A15-A149F20C1C5C}.Debug|Any CPU.Build.0 = Debug|Any CPU
		{92D0523D-C51B-446E-8A15-A149F20C1C5C}.Release|Any CPU.ActiveCfg = Release|Any CPU
		{92D0523D-C51B-446E-8A15-A149F20C1C5C}.Release|Any CPU.Build.0 = Release|Any CPU
		{A3E03AE1-A29C-4B79-9F10-5A6720FE56D7}.Debug|Any CPU.ActiveCfg = Debug|Any CPU
		{A3E03AE1-A29C-4B79-9F10-5A6720FE56D7}.Debug|Any CPU.Build.0 = Debug|Any CPU
		{A3E03AE1-A29C-4B79-9F10-5A6720FE56D7}.Release|Any CPU.ActiveCfg = Release|Any CPU
		{A3E03AE1-A29C-4B79-9F10-5A6720FE56D7}.Release|Any CPU.Build.0 = Release|Any CPU
	EndGlobalSection
	GlobalSection(SolutionProperties) = preSolution
		HideSolutionNode = FALSE
	EndGlobalSection
EndGlobal
