
Microsoft Visual Studio Solution File, Format Version 11.00
# Visual Studio 2010
Project("{FAE04EC0-301F-11D3-BF4B-00C04F79EFBC}") = "NetOffice Tools - Simple", "Simple\NetOffice Tools - Simple.csproj", "{7ABE9056-698A-438A-B5B6-F85AB6557703}"
EndProject
Project("{FAE04EC0-301F-11D3-BF4B-00C04F79EFBC}") = "NetOffice Tools - Extended", "Extended\NetOffice Tools - Extended.csproj", "{587B6CAB-1836-4D01-9583-8A707E60B664}"
EndProject
Project("{FAE04EC0-301F-11D3-BF4B-00C04F79EFBC}") = "Tweaks", "Tweaks\Tweaks.csproj", "{8A07FAFD-AAB2-496D-A9D6-CB235C608406}"
EndProject
Global
	GlobalSection(SolutionConfigurationPlatforms) = preSolution
		Debug|Any CPU = Debug|Any CPU
		Release|Any CPU = Release|Any CPU
	EndGlobalSection
	GlobalSection(ProjectConfigurationPlatforms) = postSolution
		{7ABE9056-698A-438A-B5B6-F85AB6557703}.Debug|Any CPU.ActiveCfg = Debug|Any CPU
		{7ABE9056-698A-438A-B5B6-F85AB6557703}.Debug|Any CPU.Build.0 = Debug|Any CPU
		{7ABE9056-698A-438A-B5B6-F85AB6557703}.Release|Any CPU.ActiveCfg = Release|Any CPU
		{7ABE9056-698A-438A-B5B6-F85AB6557703}.Release|Any CPU.Build.0 = Release|Any CPU
		{587B6CAB-1836-4D01-9583-8A707E60B664}.Debug|Any CPU.ActiveCfg = Debug|Any CPU
		{587B6CAB-1836-4D01-9583-8A707E60B664}.Debug|Any CPU.Build.0 = Debug|Any CPU
		{587B6CAB-1836-4D01-9583-8A707E60B664}.Release|Any CPU.ActiveCfg = Release|Any CPU
		{587B6CAB-1836-4D01-9583-8A707E60B664}.Release|Any CPU.Build.0 = Release|Any CPU
		{8A07FAFD-AAB2-496D-A9D6-CB235C608406}.Debug|Any CPU.ActiveCfg = Debug|Any CPU
		{8A07FAFD-AAB2-496D-A9D6-CB235C608406}.Debug|Any CPU.Build.0 = Debug|Any CPU
		{8A07FAFD-AAB2-496D-A9D6-CB235C608406}.Release|Any CPU.ActiveCfg = Release|Any CPU
		{8A07FAFD-AAB2-496D-A9D6-CB235C608406}.Release|Any CPU.Build.0 = Release|Any CPU
	EndGlobalSection
	GlobalSection(SolutionProperties) = preSolution
		HideSolutionNode = FALSE
	EndGlobalSection
EndGlobal
