
Microsoft Visual Studio Solution File, Format Version 11.00
# Visual C# Express 2010
Project("{FAE04EC0-301F-11D3-BF4B-00C04F79EFBC}") = "Example01", "Example01\Example01.csproj", "{0379CC38-233E-437F-BA06-91E89FDC2126}"
EndProject
Project("{FAE04EC0-301F-11D3-BF4B-00C04F79EFBC}") = "COMAddinRibbonExample", "COMAddinRibbonExample\COMAddinRibbonExample.csproj", "{1A259140-8F78-4553-A159-7FB17675E91C}"
EndProject
Project("{FAE04EC0-301F-11D3-BF4B-00C04F79EFBC}") = "COMAddinClassicExample", "COMAddinClassicExample\COMAddinClassicExample.csproj", "{4EF7E632-255A-48D0-8F58-78EE798405A4}"
EndProject
Project("{FAE04EC0-301F-11D3-BF4B-00C04F79EFBC}") = "Example02", "Example02\Example02.csproj", "{7C797DF5-02F2-43AF-AA02-773A894EB390}"
EndProject
Project("{FAE04EC0-301F-11D3-BF4B-00C04F79EFBC}") = "Example03", "Example03\Example03.csproj", "{02D04896-A7DC-45C7-9FD1-45A6DE87BE69}"
EndProject
Project("{FAE04EC0-301F-11D3-BF4B-00C04F79EFBC}") = "Example04", "Example04\Example04.csproj", "{898563CD-1700-4E49-8FF9-DCAD557AF69C}"
EndProject
Project("{FAE04EC0-301F-11D3-BF4B-00C04F79EFBC}") = "Example05", "Example05\Example05.csproj", "{B43805BD-0871-407C-800C-D374405C31D3}"
EndProject
Project("{FAE04EC0-301F-11D3-BF4B-00C04F79EFBC}") = "Example06", "Example06\Example06.csproj", "{D5032391-2948-48E1-8BB7-4940AB6832EC}"
EndProject
Project("{FAE04EC0-301F-11D3-BF4B-00C04F79EFBC}") = "Example07", "Example07\Example07.csproj", "{40E453FC-152E-449E-B717-4D77F2E533F0}"
EndProject
Global
	GlobalSection(SolutionConfigurationPlatforms) = preSolution
		Debug|Any CPU = Debug|Any CPU
		Release|Any CPU = Release|Any CPU
	EndGlobalSection
	GlobalSection(ProjectConfigurationPlatforms) = postSolution
		{0379CC38-233E-437F-BA06-91E89FDC2126}.Debug|Any CPU.ActiveCfg = Debug|Any CPU
		{0379CC38-233E-437F-BA06-91E89FDC2126}.Debug|Any CPU.Build.0 = Debug|Any CPU
		{0379CC38-233E-437F-BA06-91E89FDC2126}.Release|Any CPU.ActiveCfg = Release|Any CPU
		{0379CC38-233E-437F-BA06-91E89FDC2126}.Release|Any CPU.Build.0 = Release|Any CPU
		{1A259140-8F78-4553-A159-7FB17675E91C}.Debug|Any CPU.ActiveCfg = Debug|Any CPU
		{1A259140-8F78-4553-A159-7FB17675E91C}.Debug|Any CPU.Build.0 = Debug|Any CPU
		{1A259140-8F78-4553-A159-7FB17675E91C}.Release|Any CPU.ActiveCfg = Release|Any CPU
		{1A259140-8F78-4553-A159-7FB17675E91C}.Release|Any CPU.Build.0 = Release|Any CPU
		{4EF7E632-255A-48D0-8F58-78EE798405A4}.Debug|Any CPU.ActiveCfg = Debug|Any CPU
		{4EF7E632-255A-48D0-8F58-78EE798405A4}.Debug|Any CPU.Build.0 = Debug|Any CPU
		{4EF7E632-255A-48D0-8F58-78EE798405A4}.Release|Any CPU.ActiveCfg = Release|Any CPU
		{4EF7E632-255A-48D0-8F58-78EE798405A4}.Release|Any CPU.Build.0 = Release|Any CPU
		{7C797DF5-02F2-43AF-AA02-773A894EB390}.Debug|Any CPU.ActiveCfg = Debug|Any CPU
		{7C797DF5-02F2-43AF-AA02-773A894EB390}.Debug|Any CPU.Build.0 = Debug|Any CPU
		{7C797DF5-02F2-43AF-AA02-773A894EB390}.Release|Any CPU.ActiveCfg = Release|Any CPU
		{7C797DF5-02F2-43AF-AA02-773A894EB390}.Release|Any CPU.Build.0 = Release|Any CPU
		{02D04896-A7DC-45C7-9FD1-45A6DE87BE69}.Debug|Any CPU.ActiveCfg = Debug|Any CPU
		{02D04896-A7DC-45C7-9FD1-45A6DE87BE69}.Debug|Any CPU.Build.0 = Debug|Any CPU
		{02D04896-A7DC-45C7-9FD1-45A6DE87BE69}.Release|Any CPU.ActiveCfg = Release|Any CPU
		{02D04896-A7DC-45C7-9FD1-45A6DE87BE69}.Release|Any CPU.Build.0 = Release|Any CPU
		{898563CD-1700-4E49-8FF9-DCAD557AF69C}.Debug|Any CPU.ActiveCfg = Debug|Any CPU
		{898563CD-1700-4E49-8FF9-DCAD557AF69C}.Debug|Any CPU.Build.0 = Debug|Any CPU
		{898563CD-1700-4E49-8FF9-DCAD557AF69C}.Release|Any CPU.ActiveCfg = Release|Any CPU
		{898563CD-1700-4E49-8FF9-DCAD557AF69C}.Release|Any CPU.Build.0 = Release|Any CPU
		{B43805BD-0871-407C-800C-D374405C31D3}.Debug|Any CPU.ActiveCfg = Debug|Any CPU
		{B43805BD-0871-407C-800C-D374405C31D3}.Debug|Any CPU.Build.0 = Debug|Any CPU
		{B43805BD-0871-407C-800C-D374405C31D3}.Release|Any CPU.ActiveCfg = Release|Any CPU
		{B43805BD-0871-407C-800C-D374405C31D3}.Release|Any CPU.Build.0 = Release|Any CPU
		{D5032391-2948-48E1-8BB7-4940AB6832EC}.Debug|Any CPU.ActiveCfg = Debug|Any CPU
		{D5032391-2948-48E1-8BB7-4940AB6832EC}.Debug|Any CPU.Build.0 = Debug|Any CPU
		{D5032391-2948-48E1-8BB7-4940AB6832EC}.Release|Any CPU.ActiveCfg = Release|Any CPU
		{D5032391-2948-48E1-8BB7-4940AB6832EC}.Release|Any CPU.Build.0 = Release|Any CPU
		{40E453FC-152E-449E-B717-4D77F2E533F0}.Debug|Any CPU.ActiveCfg = Debug|Any CPU
		{40E453FC-152E-449E-B717-4D77F2E533F0}.Debug|Any CPU.Build.0 = Debug|Any CPU
		{40E453FC-152E-449E-B717-4D77F2E533F0}.Release|Any CPU.ActiveCfg = Release|Any CPU
		{40E453FC-152E-449E-B717-4D77F2E533F0}.Release|Any CPU.Build.0 = Release|Any CPU
	EndGlobalSection
	GlobalSection(SolutionProperties) = preSolution
		HideSolutionNode = FALSE
	EndGlobalSection
EndGlobal
