
Microsoft Visual Studio Solution File, Format Version 11.00
# Visual Studio 2010
Project("{FAE04EC0-301F-11D3-BF4B-00C04F79EFBC}") = "TutorialsBase", "TutorialsBase.csproj", "{0D84E472-2F2B-490E-927A-0BDD751D6362}"
EndProject
Global
	GlobalSection(SolutionConfigurationPlatforms) = preSolution
		Debug|Any CPU = Debug|Any CPU
		Release|Any CPU = Release|Any CPU
	EndGlobalSection
	GlobalSection(ProjectConfigurationPlatforms) = postSolution
		{0D84E472-2F2B-490E-927A-0BDD751D6362}.Debug|Any CPU.ActiveCfg = Debug|Any CPU
		{0D84E472-2F2B-490E-927A-0BDD751D6362}.Debug|Any CPU.Build.0 = Debug|Any CPU
		{0D84E472-2F2B-490E-927A-0BDD751D6362}.Release|Any CPU.ActiveCfg = Release|Any CPU
		{0D84E472-2F2B-490E-927A-0BDD751D6362}.Release|Any CPU.Build.0 = Release|Any CPU
	EndGlobalSection
	GlobalSection(SolutionProperties) = preSolution
		HideSolutionNode = FALSE
	EndGlobalSection
EndGlobal
