
Microsoft Visual Studio Solution File, Format Version 11.00
# Visual Basic Express 2010
Project("{F184B08F-C81C-45F6-A57F-5ABD9991F28F}") = "Example02", "Example02\Example02.vbproj", "{878E1E47-52D6-42BE-A1CE-0DDA26BAB66A}"
EndProject
Project("{F184B08F-C81C-45F6-A57F-5ABD9991F28F}") = "Example03", "Example03\Example03.vbproj", "{3F04FD18-3ABC-40A9-B532-B1177F7BE27F}"
EndProject
Project("{F184B08F-C81C-45F6-A57F-5ABD9991F28F}") = "Example01", "Example01\Example01.vbproj", "{7A49B044-BF09-48C1-ADDF-C11FAEEA6C65}"
EndProject
Project("{F184B08F-C81C-45F6-A57F-5ABD9991F28F}") = "Example04", "Example04\Example04.vbproj", "{D93A58AF-D307-4884-960A-92B809B9D3D1}"
EndProject
Project("{F184B08F-C81C-45F6-A57F-5ABD9991F28F}") = "Example05", "Example05\Example05.vbproj", "{78541A9A-2DF9-4EC1-8F19-A384F47CA385}"
EndProject
Project("{F184B08F-C81C-45F6-A57F-5ABD9991F28F}") = "Example06", "Example06\Example06.vbproj", "{88C3C079-9930-45B5-8BC8-F8874CFC2730}"
EndProject
Project("{F184B08F-C81C-45F6-A57F-5ABD9991F28F}") = "Example07", "Example07\Example07.vbproj", "{0ABBEAFB-3810-405B-9D5C-3DFAC5460C14}"
EndProject
Project("{F184B08F-C81C-45F6-A57F-5ABD9991F28F}") = "COMAddinClassicExample", "COMAddinClassicExample\COMAddinClassicExample.vbproj", "{00DA9107-98EC-49F5-8D76-9C5F04809ABE}"
EndProject
Project("{F184B08F-C81C-45F6-A57F-5ABD9991F28F}") = "COMAddinRibbonExample", "COMAddinRibbonExample\COMAddinRibbonExample.vbproj", "{5C713DD1-D595-43DD-B543-6850802E9108}"
EndProject
Global
	GlobalSection(SolutionConfigurationPlatforms) = preSolution
		Debug|Any CPU = Debug|Any CPU
		Release|Any CPU = Release|Any CPU
	EndGlobalSection
	GlobalSection(ProjectConfigurationPlatforms) = postSolution
		{878E1E47-52D6-42BE-A1CE-0DDA26BAB66A}.Debug|Any CPU.ActiveCfg = Debug|Any CPU
		{878E1E47-52D6-42BE-A1CE-0DDA26BAB66A}.Debug|Any CPU.Build.0 = Debug|Any CPU
		{878E1E47-52D6-42BE-A1CE-0DDA26BAB66A}.Release|Any CPU.ActiveCfg = Release|Any CPU
		{878E1E47-52D6-42BE-A1CE-0DDA26BAB66A}.Release|Any CPU.Build.0 = Release|Any CPU
		{3F04FD18-3ABC-40A9-B532-B1177F7BE27F}.Debug|Any CPU.ActiveCfg = Debug|Any CPU
		{3F04FD18-3ABC-40A9-B532-B1177F7BE27F}.Debug|Any CPU.Build.0 = Debug|Any CPU
		{3F04FD18-3ABC-40A9-B532-B1177F7BE27F}.Release|Any CPU.ActiveCfg = Release|Any CPU
		{3F04FD18-3ABC-40A9-B532-B1177F7BE27F}.Release|Any CPU.Build.0 = Release|Any CPU
		{7A49B044-BF09-48C1-ADDF-C11FAEEA6C65}.Debug|Any CPU.ActiveCfg = Debug|Any CPU
		{7A49B044-BF09-48C1-ADDF-C11FAEEA6C65}.Debug|Any CPU.Build.0 = Debug|Any CPU
		{7A49B044-BF09-48C1-ADDF-C11FAEEA6C65}.Release|Any CPU.ActiveCfg = Release|Any CPU
		{7A49B044-BF09-48C1-ADDF-C11FAEEA6C65}.Release|Any CPU.Build.0 = Release|Any CPU
		{D93A58AF-D307-4884-960A-92B809B9D3D1}.Debug|Any CPU.ActiveCfg = Debug|Any CPU
		{D93A58AF-D307-4884-960A-92B809B9D3D1}.Debug|Any CPU.Build.0 = Debug|Any CPU
		{D93A58AF-D307-4884-960A-92B809B9D3D1}.Release|Any CPU.ActiveCfg = Release|Any CPU
		{D93A58AF-D307-4884-960A-92B809B9D3D1}.Release|Any CPU.Build.0 = Release|Any CPU
		{78541A9A-2DF9-4EC1-8F19-A384F47CA385}.Debug|Any CPU.ActiveCfg = Debug|Any CPU
		{78541A9A-2DF9-4EC1-8F19-A384F47CA385}.Debug|Any CPU.Build.0 = Debug|Any CPU
		{78541A9A-2DF9-4EC1-8F19-A384F47CA385}.Release|Any CPU.ActiveCfg = Release|Any CPU
		{78541A9A-2DF9-4EC1-8F19-A384F47CA385}.Release|Any CPU.Build.0 = Release|Any CPU
		{88C3C079-9930-45B5-8BC8-F8874CFC2730}.Debug|Any CPU.ActiveCfg = Debug|Any CPU
		{88C3C079-9930-45B5-8BC8-F8874CFC2730}.Debug|Any CPU.Build.0 = Debug|Any CPU
		{88C3C079-9930-45B5-8BC8-F8874CFC2730}.Release|Any CPU.ActiveCfg = Release|Any CPU
		{88C3C079-9930-45B5-8BC8-F8874CFC2730}.Release|Any CPU.Build.0 = Release|Any CPU
		{0ABBEAFB-3810-405B-9D5C-3DFAC5460C14}.Debug|Any CPU.ActiveCfg = Debug|Any CPU
		{0ABBEAFB-3810-405B-9D5C-3DFAC5460C14}.Debug|Any CPU.Build.0 = Debug|Any CPU
		{0ABBEAFB-3810-405B-9D5C-3DFAC5460C14}.Release|Any CPU.ActiveCfg = Release|Any CPU
		{0ABBEAFB-3810-405B-9D5C-3DFAC5460C14}.Release|Any CPU.Build.0 = Release|Any CPU
		{00DA9107-98EC-49F5-8D76-9C5F04809ABE}.Debug|Any CPU.ActiveCfg = Debug|Any CPU
		{00DA9107-98EC-49F5-8D76-9C5F04809ABE}.Debug|Any CPU.Build.0 = Debug|Any CPU
		{00DA9107-98EC-49F5-8D76-9C5F04809ABE}.Release|Any CPU.ActiveCfg = Release|Any CPU
		{00DA9107-98EC-49F5-8D76-9C5F04809ABE}.Release|Any CPU.Build.0 = Release|Any CPU
		{5C713DD1-D595-43DD-B543-6850802E9108}.Debug|Any CPU.ActiveCfg = Debug|Any CPU
		{5C713DD1-D595-43DD-B543-6850802E9108}.Debug|Any CPU.Build.0 = Debug|Any CPU
		{5C713DD1-D595-43DD-B543-6850802E9108}.Release|Any CPU.ActiveCfg = Release|Any CPU
		{5C713DD1-D595-43DD-B543-6850802E9108}.Release|Any CPU.Build.0 = Release|Any CPU
	EndGlobalSection
	GlobalSection(SolutionProperties) = preSolution
		HideSolutionNode = FALSE
	EndGlobalSection
EndGlobal
