
Microsoft Visual Studio Solution File, Format Version 10.00
# Visual Studio 2008
Project("{FAE04EC0-301F-11D3-BF4B-00C04F79EFBC}") = "ExcelApi", "Excel\ExcelApi.csproj", "{1A38353B-EB4D-49E0-859E-1DBC5D2A64DF}"
	ProjectSection(ProjectDependencies) = postProject
		{9A0248B4-2C5C-46B0-9B72-8FA055E4B141} = {9A0248B4-2C5C-46B0-9B72-8FA055E4B141}
		{310053D3-9D04-4F30-9AC0-A0AA146B5DCB} = {310053D3-9D04-4F30-9AC0-A0AA146B5DCB}
	EndProjectSection
EndProject
Project("{FAE04EC0-301F-11D3-BF4B-00C04F79EFBC}") = "OfficeApi", "Office\OfficeApi.csproj", "{9A0248B4-2C5C-46B0-9B72-8FA055E4B141}"
EndProject
Project("{FAE04EC0-301F-11D3-BF4B-00C04F79EFBC}") = "VBIDEApi", "VBIDE\VBIDEApi.csproj", "{310053D3-9D04-4F30-9AC0-A0AA146B5DCB}"
	ProjectSection(ProjectDependencies) = postProject
		{9A0248B4-2C5C-46B0-9B72-8FA055E4B141} = {9A0248B4-2C5C-46B0-9B72-8FA055E4B141}
	EndProjectSection
EndProject
Project("{FAE04EC0-301F-11D3-BF4B-00C04F79EFBC}") = "WordApi", "Word\WordApi.csproj", "{46BFDB92-C56B-4960-B6AB-3CF546E6ADEA}"
	ProjectSection(ProjectDependencies) = postProject
		{9A0248B4-2C5C-46B0-9B72-8FA055E4B141} = {9A0248B4-2C5C-46B0-9B72-8FA055E4B141}
		{310053D3-9D04-4F30-9AC0-A0AA146B5DCB} = {310053D3-9D04-4F30-9AC0-A0AA146B5DCB}
	EndProjectSection
EndProject
Project("{FAE04EC0-301F-11D3-BF4B-00C04F79EFBC}") = "OutlookApi", "Outlook\OutlookApi.csproj", "{58E30922-F4F6-472A-A4E1-217B73A795B4}"
	ProjectSection(ProjectDependencies) = postProject
		{9A0248B4-2C5C-46B0-9B72-8FA055E4B141} = {9A0248B4-2C5C-46B0-9B72-8FA055E4B141}
	EndProjectSection
EndProject
Project("{FAE04EC0-301F-11D3-BF4B-00C04F79EFBC}") = "PowerPointApi", "PowerPoint\PowerPointApi.csproj", "{003DD639-588E-4691-AB5A-864051BE1A81}"
	ProjectSection(ProjectDependencies) = postProject
		{9A0248B4-2C5C-46B0-9B72-8FA055E4B141} = {9A0248B4-2C5C-46B0-9B72-8FA055E4B141}
		{310053D3-9D04-4F30-9AC0-A0AA146B5DCB} = {310053D3-9D04-4F30-9AC0-A0AA146B5DCB}
	EndProjectSection
EndProject
Project("{FAE04EC0-301F-11D3-BF4B-00C04F79EFBC}") = "AccessApi", "Access\AccessApi.csproj", "{CB77C4EA-3A59-4875-9521-7AB7258BEFFD}"
	ProjectSection(ProjectDependencies) = postProject
		{9A0248B4-2C5C-46B0-9B72-8FA055E4B141} = {9A0248B4-2C5C-46B0-9B72-8FA055E4B141}
		{5BE49022-5792-46A0-9F6B-F05604D30C65} = {5BE49022-5792-46A0-9F6B-F05604D30C65}
		{310053D3-9D04-4F30-9AC0-A0AA146B5DCB} = {310053D3-9D04-4F30-9AC0-A0AA146B5DCB}
		{CDAAAFCB-A7C7-4D02-A3C4-83ACD84DA01F} = {CDAAAFCB-A7C7-4D02-A3C4-83ACD84DA01F}
		{0CFC7566-319F-403B-8E57-B1456C345AB6} = {0CFC7566-319F-403B-8E57-B1456C345AB6}
	EndProjectSection
EndProject
Project("{FAE04EC0-301F-11D3-BF4B-00C04F79EFBC}") = "DAOApi", "DAO\DAOApi.csproj", "{5BE49022-5792-46A0-9F6B-F05604D30C65}"
EndProject
Project("{FAE04EC0-301F-11D3-BF4B-00C04F79EFBC}") = "ADODBApi", "ADODB\ADODBApi.csproj", "{CDAAAFCB-A7C7-4D02-A3C4-83ACD84DA01F}"
EndProject
Project("{FAE04EC0-301F-11D3-BF4B-00C04F79EFBC}") = "OWC10Api", "OWC10\OWC10Api.csproj", "{0CFC7566-319F-403B-8E57-B1456C345AB6}"
	ProjectSection(ProjectDependencies) = postProject
		{9226ED53-4F37-4A1F-84FF-C30B83505864} = {9226ED53-4F37-4A1F-84FF-C30B83505864}
		{3C6483B3-C791-488A-A53C-D1951AF6AA84} = {3C6483B3-C791-488A-A53C-D1951AF6AA84}
		{CDAAAFCB-A7C7-4D02-A3C4-83ACD84DA01F} = {CDAAAFCB-A7C7-4D02-A3C4-83ACD84DA01F}
	EndProjectSection
EndProject
Project("{FAE04EC0-301F-11D3-BF4B-00C04F79EFBC}") = "MSDATASRCApi", "MSDATASRC\MSDATASRCApi.csproj", "{9226ED53-4F37-4A1F-84FF-C30B83505864}"
EndProject
Project("{FAE04EC0-301F-11D3-BF4B-00C04F79EFBC}") = "MSComctlLibApi", "MSComctlLib\MSComctlLibApi.csproj", "{3C6483B3-C791-488A-A53C-D1951AF6AA84}"
EndProject
Project("{FAE04EC0-301F-11D3-BF4B-00C04F79EFBC}") = "MSProjectApi", "MSProject\MSProjectApi.csproj", "{928DEDB9-17E1-4073-8827-63BF5483571F}"
	ProjectSection(ProjectDependencies) = postProject
		{9A0248B4-2C5C-46B0-9B72-8FA055E4B141} = {9A0248B4-2C5C-46B0-9B72-8FA055E4B141}
		{310053D3-9D04-4F30-9AC0-A0AA146B5DCB} = {310053D3-9D04-4F30-9AC0-A0AA146B5DCB}
		{442E824A-850A-478B-8D7F-D3A94CAEED84} = {442E824A-850A-478B-8D7F-D3A94CAEED84}
	EndProjectSection
EndProject
Project("{FAE04EC0-301F-11D3-BF4B-00C04F79EFBC}") = "MSHTMLApi", "MSHTML\MSHTMLApi.csproj", "{442E824A-850A-478B-8D7F-D3A94CAEED84}"
EndProject
Project("{FAE04EC0-301F-11D3-BF4B-00C04F79EFBC}") = "LateBindingApi.Core", "LateBindingApi.Core\LateBindingApi.Core.csproj", "{65442327-D01F-4ECB-8C39-6D5C7622A80F}"
EndProject
Global
	GlobalSection(SolutionConfigurationPlatforms) = preSolution
		Debug|Any CPU = Debug|Any CPU
		Release|Any CPU = Release|Any CPU
	EndGlobalSection
	GlobalSection(ProjectConfigurationPlatforms) = postSolution
		{1A38353B-EB4D-49E0-859E-1DBC5D2A64DF}.Debug|Any CPU.ActiveCfg = Debug|Any CPU
		{1A38353B-EB4D-49E0-859E-1DBC5D2A64DF}.Debug|Any CPU.Build.0 = Debug|Any CPU
		{1A38353B-EB4D-49E0-859E-1DBC5D2A64DF}.Release|Any CPU.ActiveCfg = Release|Any CPU
		{1A38353B-EB4D-49E0-859E-1DBC5D2A64DF}.Release|Any CPU.Build.0 = Release|Any CPU
		{9A0248B4-2C5C-46B0-9B72-8FA055E4B141}.Debug|Any CPU.ActiveCfg = Debug|Any CPU
		{9A0248B4-2C5C-46B0-9B72-8FA055E4B141}.Debug|Any CPU.Build.0 = Debug|Any CPU
		{9A0248B4-2C5C-46B0-9B72-8FA055E4B141}.Release|Any CPU.ActiveCfg = Release|Any CPU
		{9A0248B4-2C5C-46B0-9B72-8FA055E4B141}.Release|Any CPU.Build.0 = Release|Any CPU
		{310053D3-9D04-4F30-9AC0-A0AA146B5DCB}.Debug|Any CPU.ActiveCfg = Debug|Any CPU
		{310053D3-9D04-4F30-9AC0-A0AA146B5DCB}.Debug|Any CPU.Build.0 = Debug|Any CPU
		{310053D3-9D04-4F30-9AC0-A0AA146B5DCB}.Release|Any CPU.ActiveCfg = Release|Any CPU
		{310053D3-9D04-4F30-9AC0-A0AA146B5DCB}.Release|Any CPU.Build.0 = Release|Any CPU
		{46BFDB92-C56B-4960-B6AB-3CF546E6ADEA}.Debug|Any CPU.ActiveCfg = Debug|Any CPU
		{46BFDB92-C56B-4960-B6AB-3CF546E6ADEA}.Debug|Any CPU.Build.0 = Debug|Any CPU
		{46BFDB92-C56B-4960-B6AB-3CF546E6ADEA}.Release|Any CPU.ActiveCfg = Release|Any CPU
		{46BFDB92-C56B-4960-B6AB-3CF546E6ADEA}.Release|Any CPU.Build.0 = Release|Any CPU
		{58E30922-F4F6-472A-A4E1-217B73A795B4}.Debug|Any CPU.ActiveCfg = Debug|Any CPU
		{58E30922-F4F6-472A-A4E1-217B73A795B4}.Debug|Any CPU.Build.0 = Debug|Any CPU
		{58E30922-F4F6-472A-A4E1-217B73A795B4}.Release|Any CPU.ActiveCfg = Release|Any CPU
		{58E30922-F4F6-472A-A4E1-217B73A795B4}.Release|Any CPU.Build.0 = Release|Any CPU
		{003DD639-588E-4691-AB5A-864051BE1A81}.Debug|Any CPU.ActiveCfg = Debug|Any CPU
		{003DD639-588E-4691-AB5A-864051BE1A81}.Debug|Any CPU.Build.0 = Debug|Any CPU
		{003DD639-588E-4691-AB5A-864051BE1A81}.Release|Any CPU.ActiveCfg = Release|Any CPU
		{003DD639-588E-4691-AB5A-864051BE1A81}.Release|Any CPU.Build.0 = Release|Any CPU
		{CB77C4EA-3A59-4875-9521-7AB7258BEFFD}.Debug|Any CPU.ActiveCfg = Debug|Any CPU
		{CB77C4EA-3A59-4875-9521-7AB7258BEFFD}.Debug|Any CPU.Build.0 = Debug|Any CPU
		{CB77C4EA-3A59-4875-9521-7AB7258BEFFD}.Release|Any CPU.ActiveCfg = Release|Any CPU
		{CB77C4EA-3A59-4875-9521-7AB7258BEFFD}.Release|Any CPU.Build.0 = Release|Any CPU
		{5BE49022-5792-46A0-9F6B-F05604D30C65}.Debug|Any CPU.ActiveCfg = Debug|Any CPU
		{5BE49022-5792-46A0-9F6B-F05604D30C65}.Debug|Any CPU.Build.0 = Debug|Any CPU
		{5BE49022-5792-46A0-9F6B-F05604D30C65}.Release|Any CPU.ActiveCfg = Release|Any CPU
		{5BE49022-5792-46A0-9F6B-F05604D30C65}.Release|Any CPU.Build.0 = Release|Any CPU
		{CDAAAFCB-A7C7-4D02-A3C4-83ACD84DA01F}.Debug|Any CPU.ActiveCfg = Debug|Any CPU
		{CDAAAFCB-A7C7-4D02-A3C4-83ACD84DA01F}.Debug|Any CPU.Build.0 = Debug|Any CPU
		{CDAAAFCB-A7C7-4D02-A3C4-83ACD84DA01F}.Release|Any CPU.ActiveCfg = Release|Any CPU
		{CDAAAFCB-A7C7-4D02-A3C4-83ACD84DA01F}.Release|Any CPU.Build.0 = Release|Any CPU
		{0CFC7566-319F-403B-8E57-B1456C345AB6}.Debug|Any CPU.ActiveCfg = Debug|Any CPU
		{0CFC7566-319F-403B-8E57-B1456C345AB6}.Debug|Any CPU.Build.0 = Debug|Any CPU
		{0CFC7566-319F-403B-8E57-B1456C345AB6}.Release|Any CPU.ActiveCfg = Release|Any CPU
		{0CFC7566-319F-403B-8E57-B1456C345AB6}.Release|Any CPU.Build.0 = Release|Any CPU
		{9226ED53-4F37-4A1F-84FF-C30B83505864}.Debug|Any CPU.ActiveCfg = Debug|Any CPU
		{9226ED53-4F37-4A1F-84FF-C30B83505864}.Debug|Any CPU.Build.0 = Debug|Any CPU
		{9226ED53-4F37-4A1F-84FF-C30B83505864}.Release|Any CPU.ActiveCfg = Release|Any CPU
		{9226ED53-4F37-4A1F-84FF-C30B83505864}.Release|Any CPU.Build.0 = Release|Any CPU
		{3C6483B3-C791-488A-A53C-D1951AF6AA84}.Debug|Any CPU.ActiveCfg = Debug|Any CPU
		{3C6483B3-C791-488A-A53C-D1951AF6AA84}.Debug|Any CPU.Build.0 = Debug|Any CPU
		{3C6483B3-C791-488A-A53C-D1951AF6AA84}.Release|Any CPU.ActiveCfg = Release|Any CPU
		{3C6483B3-C791-488A-A53C-D1951AF6AA84}.Release|Any CPU.Build.0 = Release|Any CPU
		{928DEDB9-17E1-4073-8827-63BF5483571F}.Debug|Any CPU.ActiveCfg = Debug|Any CPU
		{928DEDB9-17E1-4073-8827-63BF5483571F}.Debug|Any CPU.Build.0 = Debug|Any CPU
		{928DEDB9-17E1-4073-8827-63BF5483571F}.Release|Any CPU.ActiveCfg = Release|Any CPU
		{928DEDB9-17E1-4073-8827-63BF5483571F}.Release|Any CPU.Build.0 = Release|Any CPU
		{442E824A-850A-478B-8D7F-D3A94CAEED84}.Debug|Any CPU.ActiveCfg = Debug|Any CPU
		{442E824A-850A-478B-8D7F-D3A94CAEED84}.Debug|Any CPU.Build.0 = Debug|Any CPU
		{442E824A-850A-478B-8D7F-D3A94CAEED84}.Release|Any CPU.ActiveCfg = Release|Any CPU
		{442E824A-850A-478B-8D7F-D3A94CAEED84}.Release|Any CPU.Build.0 = Release|Any CPU
		{65442327-D01F-4ECB-8C39-6D5C7622A80F}.Debug|Any CPU.ActiveCfg = Debug|Any CPU
		{65442327-D01F-4ECB-8C39-6D5C7622A80F}.Debug|Any CPU.Build.0 = Debug|Any CPU
		{65442327-D01F-4ECB-8C39-6D5C7622A80F}.Release|Any CPU.ActiveCfg = Release|Any CPU
		{65442327-D01F-4ECB-8C39-6D5C7622A80F}.Release|Any CPU.Build.0 = Release|Any CPU
	EndGlobalSection
	GlobalSection(SolutionProperties) = preSolution
		HideSolutionNode = FALSE
	EndGlobalSection
EndGlobal
