
Microsoft Visual Studio Solution File, Format Version 11.00
# Visual C# Express 2010
Project("{FAE04EC0-301F-11D3-BF4B-00C04F79EFBC}") = "GetRunningOutlookInstance", "GetRunningOutlookInstance\GetRunningOutlookInstance.csproj", "{AD4DF504-CC51-4D51-9DFD-43A6AAB6FACF}"
EndProject
Global
	GlobalSection(SolutionConfigurationPlatforms) = preSolution
		Debug|Any CPU = Debug|Any CPU
		Release|Any CPU = Release|Any CPU
	EndGlobalSection
	GlobalSection(ProjectConfigurationPlatforms) = postSolution
		{AD4DF504-CC51-4D51-9DFD-43A6AAB6FACF}.Debug|Any CPU.ActiveCfg = Debug|Any CPU
		{AD4DF504-CC51-4D51-9DFD-43A6AAB6FACF}.Debug|Any CPU.Build.0 = Debug|Any CPU
		{AD4DF504-CC51-4D51-9DFD-43A6AAB6FACF}.Release|Any CPU.ActiveCfg = Release|Any CPU
		{AD4DF504-CC51-4D51-9DFD-43A6AAB6FACF}.Release|Any CPU.Build.0 = Release|Any CPU
	EndGlobalSection
	GlobalSection(SolutionProperties) = preSolution
		HideSolutionNode = FALSE
	EndGlobalSection
EndGlobal
